// !$*UTF8*$!
{
	archiveVersion = 1;
	classes = {
	};
	objectVersion = 46;
	objects = {

/* Begin PBXBuildFile section */
		06060CDA21054A2100507B89 /* TimetableEventPositionTests.swift in Sources */ = {isa = PBXBuildFile; fileRef = 06060CD921054A2100507B89 /* TimetableEventPositionTests.swift */; };
		061F3E801F8AF09C00BD0D09 /* DataUtil.swift in Sources */ = {isa = PBXBuildFile; fileRef = 061F3E7F1F8AF09C00BD0D09 /* DataUtil.swift */; };
		062EB9471F8B415F005F350E /* KeychainWrapper.swift in Sources */ = {isa = PBXBuildFile; fileRef = 062EB9441F8B414B005F350E /* KeychainWrapper.swift */; };
		062EB9481F8B415F005F350E /* KeychainItemAccessibility.swift in Sources */ = {isa = PBXBuildFile; fileRef = 062EB9451F8B414B005F350E /* KeychainItemAccessibility.swift */; };
		063A25DF210A99FD00967041 /* SystemIcons.xcassets in Resources */ = {isa = PBXBuildFile; fileRef = 063A25DE210A99FC00967041 /* SystemIcons.xcassets */; };
		0640830120C36D2800F568CB /* Cwrapper.swift in Sources */ = {isa = PBXBuildFile; fileRef = 0640830020C36D2700F568CB /* Cwrapper.swift */; };
		0660DB1821054C9D006D9D56 /* WingItUITestsSuper.swift in Sources */ = {isa = PBXBuildFile; fileRef = 0660DB1721054C9D006D9D56 /* WingItUITestsSuper.swift */; };
		0660DB1A21054E70006D9D56 /* StabilityAndSanityTests.swift in Sources */ = {isa = PBXBuildFile; fileRef = 0660DB1921054E70006D9D56 /* StabilityAndSanityTests.swift */; };
		0675D6E721006406003B0233 /* testData.csv in Resources */ = {isa = PBXBuildFile; fileRef = 0675D6E421005669003B0233 /* testData.csv */; };
		06934D7D1F86730B00D308BD /* LoginAndRefreshTests.swift in Sources */ = {isa = PBXBuildFile; fileRef = 06934D7C1F86730B00D308BD /* LoginAndRefreshTests.swift */; };
		06940F682101883500EF3E96 /* DateTimeTests.swift in Sources */ = {isa = PBXBuildFile; fileRef = 06940F672101883500EF3E96 /* DateTimeTests.swift */; };
		06A5475E1F7B1D9600967FD7 /* libBackend.a in Frameworks */ = {isa = PBXBuildFile; fileRef = 06A5475D1F7B1D9600967FD7 /* libBackend.a */; settings = {ATTRIBUTES = (Required, ); }; };
		06A637F91F7DD15F00C5F15F /* wrapper.cpp in Sources */ = {isa = PBXBuildFile; fileRef = 06A637F81F7DD15F00C5F15F /* wrapper.cpp */; };
		06B38A381F82361E009EDC60 /* CommonUtil.swift in Sources */ = {isa = PBXBuildFile; fileRef = 06B38A371F82361E009EDC60 /* CommonUtil.swift */; };
		06CDA372211C0B5B007410C9 /* RMessageView.m in Sources */ = {isa = PBXBuildFile; fileRef = 06CDA363211C0B5A007410C9 /* RMessageView.m */; };
		06CDA373211C0B5B007410C9 /* UITabBarController+PPTopMostController.m in Sources */ = {isa = PBXBuildFile; fileRef = 06CDA365211C0B5A007410C9 /* UITabBarController+PPTopMostController.m */; };
		06CDA374211C0B5B007410C9 /* RMessage.m in Sources */ = {isa = PBXBuildFile; fileRef = 06CDA367211C0B5A007410C9 /* RMessage.m */; };
		06CDA375211C0B5B007410C9 /* RMessageView.xib in Resources */ = {isa = PBXBuildFile; fileRef = 06CDA368211C0B5A007410C9 /* RMessageView.xib */; };
		06CDA376211C0B5B007410C9 /* HexColors.m in Sources */ = {isa = PBXBuildFile; fileRef = 06CDA36A211C0B5A007410C9 /* HexColors.m */; };
		06CDA377211C0B5B007410C9 /* RMessageDefaultDesign.json in Resources */ = {isa = PBXBuildFile; fileRef = 06CDA36C211C0B5A007410C9 /* RMessageDefaultDesign.json */; };
		06CDA378211C0B5B007410C9 /* UINavigationController+PPTopMostController.m in Sources */ = {isa = PBXBuildFile; fileRef = 06CDA36D211C0B5A007410C9 /* UINavigationController+PPTopMostController.m */; };
		06CDA379211C0B5B007410C9 /* UIViewController+PPTopMostController.m in Sources */ = {isa = PBXBuildFile; fileRef = 06CDA36F211C0B5A007410C9 /* UIViewController+PPTopMostController.m */; };
		06CDA37D211C0C09007410C9 /* SWRevealViewController.m in Sources */ = {isa = PBXBuildFile; fileRef = 06CDA37C211C0C09007410C9 /* SWRevealViewController.m */; };
		06CDA388211C0C10007410C9 /* SVRadialGradientLayer.m in Sources */ = {isa = PBXBuildFile; fileRef = 06CDA37F211C0C0F007410C9 /* SVRadialGradientLayer.m */; };
		06CDA389211C0C10007410C9 /* SVProgressAnimatedView.m in Sources */ = {isa = PBXBuildFile; fileRef = 06CDA380211C0C0F007410C9 /* SVProgressAnimatedView.m */; };
		06CDA38A211C0C10007410C9 /* SVIndefiniteAnimatedView.m in Sources */ = {isa = PBXBuildFile; fileRef = 06CDA382211C0C0F007410C9 /* SVIndefiniteAnimatedView.m */; };
		06CDA38B211C0C10007410C9 /* SVProgressHUD.m in Sources */ = {isa = PBXBuildFile; fileRef = 06CDA383211C0C0F007410C9 /* SVProgressHUD.m */; };
		06CDA38C211C0C10007410C9 /* SVProgressHUD.bundle in Resources */ = {isa = PBXBuildFile; fileRef = 06CDA386211C0C0F007410C9 /* SVProgressHUD.bundle */; };
		06D37CD71F873C7F009318AC /* Settings.bundle in Resources */ = {isa = PBXBuildFile; fileRef = 06D37CD61F873C7F009318AC /* Settings.bundle */; };
		06D61711210974D300F58A30 /* OnePasswordExtension.m in Sources */ = {isa = PBXBuildFile; fileRef = 06D6170A210974D200F58A30 /* OnePasswordExtension.m */; };
		06D61712210974D300F58A30 /* README.md in Resources */ = {isa = PBXBuildFile; fileRef = 06D6170B210974D200F58A30 /* README.md */; };
		06D61713210974D300F58A30 /* 1Password.xcassets in Resources */ = {isa = PBXBuildFile; fileRef = 06D6170C210974D200F58A30 /* 1Password.xcassets */; };
		06D61714210974D300F58A30 /* .gitignore in Resources */ = {isa = PBXBuildFile; fileRef = 06D6170D210974D200F58A30 /* .gitignore */; };
		06D61715210974D300F58A30 /* LICENSE.txt in Resources */ = {isa = PBXBuildFile; fileRef = 06D6170E210974D200F58A30 /* LICENSE.txt */; };
		06D61716210974D300F58A30 /* 1PasswordExtension.podspec in Resources */ = {isa = PBXBuildFile; fileRef = 06D6170F210974D200F58A30 /* 1PasswordExtension.podspec */; };
		06D61718210979CB00F58A30 /* Reachability.swift in Sources */ = {isa = PBXBuildFile; fileRef = 06D61717210979CB00F58A30 /* Reachability.swift */; };
		06E5E2F020C1504500C77382 /* WingItTests.swift in Sources */ = {isa = PBXBuildFile; fileRef = 06E5E2EF20C1504500C77382 /* WingItTests.swift */; };
		06E758982107E8E6007BDF76 /* WingItTestsSuper.swift in Sources */ = {isa = PBXBuildFile; fileRef = 06E758972107E8E6007BDF76 /* WingItTestsSuper.swift */; };
		06E7589D21083958007BDF76 /* SegueTests.swift in Sources */ = {isa = PBXBuildFile; fileRef = 06E7589C21083957007BDF76 /* SegueTests.swift */; };
		297C56931ED9126200C44420 /* LoginView.swift in Sources */ = {isa = PBXBuildFile; fileRef = 297C56921ED9126200C44420 /* LoginView.swift */; };
		534A442120873F03009E719E /* NavigationCell.swift in Sources */ = {isa = PBXBuildFile; fileRef = 534A442020873F03009E719E /* NavigationCell.swift */; };
		53B30672207754A0006E05B7 /* LessonCell.swift in Sources */ = {isa = PBXBuildFile; fileRef = 53B30671207754A0006E05B7 /* LessonCell.swift */; };
		53B306742077584C006E05B7 /* AppCells.swift in Sources */ = {isa = PBXBuildFile; fileRef = 53B306732077584C006E05B7 /* AppCells.swift */; };
		53B306762077643A006E05B7 /* AppColors.swift in Sources */ = {isa = PBXBuildFile; fileRef = 53B306752077643A006E05B7 /* AppColors.swift */; };
		53BB7A171ED133A900370F7B /* Constants.swift in Sources */ = {isa = PBXBuildFile; fileRef = 53BB7A161ED133A900370F7B /* Constants.swift */; };
		53BB7A191ED14C3800370F7B /* ClashCell.swift in Sources */ = {isa = PBXBuildFile; fileRef = 53BB7A181ED14C3700370F7B /* ClashCell.swift */; };
		53BB7A211ED1536C00370F7B /* DetailView.swift in Sources */ = {isa = PBXBuildFile; fileRef = 53BB7A201ED1536C00370F7B /* DetailView.swift */; };
		53C7D0391EC9B6A500D0BD9C /* Lesson.swift in Sources */ = {isa = PBXBuildFile; fileRef = 53C7D0381EC9B6A500D0BD9C /* Lesson.swift */; };
		53C7D03F1EC9BD8400D0BD9C /* MenuTableViewController.swift in Sources */ = {isa = PBXBuildFile; fileRef = 53C7D03E1EC9BD8400D0BD9C /* MenuTableViewController.swift */; };
		53D4B38020760D9A0063E45F /* TimeDateUtil.swift in Sources */ = {isa = PBXBuildFile; fileRef = 53D4B37F20760D9A0063E45F /* TimeDateUtil.swift */; };
		53D4B38220760FBF0063E45F /* NavigationService.swift in Sources */ = {isa = PBXBuildFile; fileRef = 53D4B38120760FBF0063E45F /* NavigationService.swift */; };
		53D4B384207610140063E45F /* AppStates.swift in Sources */ = {isa = PBXBuildFile; fileRef = 53D4B383207610140063E45F /* AppStates.swift */; };
		53D4B38620761F700063E45F /* NavigationProtocols.swift in Sources */ = {isa = PBXBuildFile; fileRef = 53D4B38520761F700063E45F /* NavigationProtocols.swift */; };
		53DED0DA207F660000C363AF /* AboutView.swift in Sources */ = {isa = PBXBuildFile; fileRef = 53DED0D9207F660000C363AF /* AboutView.swift */; };
		53F8A00C1EC3D0010001604A /* AppDelegate.swift in Sources */ = {isa = PBXBuildFile; fileRef = 53F8A00B1EC3D0010001604A /* AppDelegate.swift */; };
		53F8A00E1EC3D0010001604A /* TimetableView.swift in Sources */ = {isa = PBXBuildFile; fileRef = 53F8A00D1EC3D0010001604A /* TimetableView.swift */; };
		53F8A0111EC3D0010001604A /* Main.storyboard in Resources */ = {isa = PBXBuildFile; fileRef = 53F8A00F1EC3D0010001604A /* Main.storyboard */; };
		53F8A0141EC3D0010001604A /* Project.xcdatamodeld in Sources */ = {isa = PBXBuildFile; fileRef = 53F8A0121EC3D0010001604A /* Project.xcdatamodeld */; };
		53F8A0161EC3D0010001604A /* Assets.xcassets in Resources */ = {isa = PBXBuildFile; fileRef = 53F8A0151EC3D0010001604A /* Assets.xcassets */; };
		53F8A0191EC3D0010001604A /* LaunchScreen.storyboard in Resources */ = {isa = PBXBuildFile; fileRef = 53F8A0171EC3D0010001604A /* LaunchScreen.storyboard */; };
		53F8A0211EC3DE930001604A /* DayCollectionViewCell.swift in Sources */ = {isa = PBXBuildFile; fileRef = 53F8A0201EC3DE930001604A /* DayCollectionViewCell.swift */; };
/* End PBXBuildFile section */

/* Begin PBXContainerItemProxy section */
		06934D7F1F86730B00D308BD /* PBXContainerItemProxy */ = {
			isa = PBXContainerItemProxy;
			containerPortal = 53F8A0001EC3D0010001604A /* Project object */;
			proxyType = 1;
			remoteGlobalIDString = 53F8A0071EC3D0010001604A;
			remoteInfo = WingIt;
		};
		06E5E2F220C1504500C77382 /* PBXContainerItemProxy */ = {
			isa = PBXContainerItemProxy;
			containerPortal = 53F8A0001EC3D0010001604A /* Project object */;
			proxyType = 1;
			remoteGlobalIDString = 53F8A0071EC3D0010001604A;
			remoteInfo = WingIt;
		};
/* End PBXContainerItemProxy section */

/* Begin PBXFileReference section */
		06060CD921054A2100507B89 /* TimetableEventPositionTests.swift */ = {isa = PBXFileReference; lastKnownFileType = sourcecode.swift; path = TimetableEventPositionTests.swift; sourceTree = "<group>"; };
		061F3E7F1F8AF09C00BD0D09 /* DataUtil.swift */ = {isa = PBXFileReference; lastKnownFileType = sourcecode.swift; path = DataUtil.swift; sourceTree = "<group>"; };
		062EB9431F8B414B005F350E /* Info.plist */ = {isa = PBXFileReference; lastKnownFileType = text.plist.xml; path = Info.plist; sourceTree = "<group>"; };
		062EB9441F8B414B005F350E /* KeychainWrapper.swift */ = {isa = PBXFileReference; lastKnownFileType = sourcecode.swift; path = KeychainWrapper.swift; sourceTree = "<group>"; };
		062EB9451F8B414B005F350E /* KeychainItemAccessibility.swift */ = {isa = PBXFileReference; lastKnownFileType = sourcecode.swift; path = KeychainItemAccessibility.swift; sourceTree = "<group>"; };
		062EB9461F8B414B005F350E /* SwiftKeychainWrapper.h */ = {isa = PBXFileReference; lastKnownFileType = sourcecode.c.h; path = SwiftKeychainWrapper.h; sourceTree = "<group>"; };
		063A25DE210A99FC00967041 /* SystemIcons.xcassets */ = {isa = PBXFileReference; lastKnownFileType = folder.assetcatalog; path = SystemIcons.xcassets; sourceTree = "<group>"; };
		0640830020C36D2700F568CB /* Cwrapper.swift */ = {isa = PBXFileReference; lastKnownFileType = sourcecode.swift; path = Cwrapper.swift; sourceTree = "<group>"; };
		0660DB1721054C9D006D9D56 /* WingItUITestsSuper.swift */ = {isa = PBXFileReference; lastKnownFileType = sourcecode.swift; path = WingItUITestsSuper.swift; sourceTree = "<group>"; };
		0660DB1921054E70006D9D56 /* StabilityAndSanityTests.swift */ = {isa = PBXFileReference; lastKnownFileType = sourcecode.swift; path = StabilityAndSanityTests.swift; sourceTree = "<group>"; };
		0675D6E421005669003B0233 /* testData.csv */ = {isa = PBXFileReference; fileEncoding = 4; lastKnownFileType = text; path = testData.csv; sourceTree = "<group>"; };
		06934D7A1F86730B00D308BD /* WingItUITests.xctest */ = {isa = PBXFileReference; explicitFileType = wrapper.cfbundle; includeInIndex = 0; path = WingItUITests.xctest; sourceTree = BUILT_PRODUCTS_DIR; };
		06934D7C1F86730B00D308BD /* LoginAndRefreshTests.swift */ = {isa = PBXFileReference; lastKnownFileType = sourcecode.swift; path = LoginAndRefreshTests.swift; sourceTree = "<group>"; };
		06934D7E1F86730B00D308BD /* Info.plist */ = {isa = PBXFileReference; lastKnownFileType = text.plist.xml; path = Info.plist; sourceTree = "<group>"; };
		06940F672101883500EF3E96 /* DateTimeTests.swift */ = {isa = PBXFileReference; lastKnownFileType = sourcecode.swift; path = DateTimeTests.swift; sourceTree = "<group>"; };
		06A5475D1F7B1D9600967FD7 /* libBackend.a */ = {isa = PBXFileReference; lastKnownFileType = archive.ar; name = libBackend.a; path = "../../Library/Developer/Xcode/DerivedData/Project-faabexjzkhonsfdsetxpryushahl/Build/Products/Debug-iphonesimulator/libBackend.a"; sourceTree = "<group>"; };
		06A637F81F7DD15F00C5F15F /* wrapper.cpp */ = {isa = PBXFileReference; fileEncoding = 4; lastKnownFileType = sourcecode.cpp.cpp; path = wrapper.cpp; sourceTree = "<group>"; };
		06B38A371F82361E009EDC60 /* CommonUtil.swift */ = {isa = PBXFileReference; fileEncoding = 4; lastKnownFileType = sourcecode.swift; path = CommonUtil.swift; sourceTree = "<group>"; };
		06CDA363211C0B5A007410C9 /* RMessageView.m */ = {isa = PBXFileReference; fileEncoding = 4; lastKnownFileType = sourcecode.c.objc; path = RMessageView.m; sourceTree = "<group>"; };
		06CDA364211C0B5A007410C9 /* HexColors.h */ = {isa = PBXFileReference; fileEncoding = 4; lastKnownFileType = sourcecode.c.h; path = HexColors.h; sourceTree = "<group>"; };
		06CDA365211C0B5A007410C9 /* UITabBarController+PPTopMostController.m */ = {isa = PBXFileReference; fileEncoding = 4; lastKnownFileType = sourcecode.c.objc; path = "UITabBarController+PPTopMostController.m"; sourceTree = "<group>"; };
		06CDA366211C0B5A007410C9 /* UINavigationController+PPTopMostController.h */ = {isa = PBXFileReference; fileEncoding = 4; lastKnownFileType = sourcecode.c.h; path = "UINavigationController+PPTopMostController.h"; sourceTree = "<group>"; };
		06CDA367211C0B5A007410C9 /* RMessage.m */ = {isa = PBXFileReference; fileEncoding = 4; lastKnownFileType = sourcecode.c.objc; path = RMessage.m; sourceTree = "<group>"; };
		06CDA368211C0B5A007410C9 /* RMessageView.xib */ = {isa = PBXFileReference; fileEncoding = 4; lastKnownFileType = file.xib; path = RMessageView.xib; sourceTree = "<group>"; };
		06CDA369211C0B5A007410C9 /* UIViewController+PPTopMostController.h */ = {isa = PBXFileReference; fileEncoding = 4; lastKnownFileType = sourcecode.c.h; path = "UIViewController+PPTopMostController.h"; sourceTree = "<group>"; };
		06CDA36A211C0B5A007410C9 /* HexColors.m */ = {isa = PBXFileReference; fileEncoding = 4; lastKnownFileType = sourcecode.c.objc; path = HexColors.m; sourceTree = "<group>"; };
		06CDA36B211C0B5A007410C9 /* UITabBarController+PPTopMostController.h */ = {isa = PBXFileReference; fileEncoding = 4; lastKnownFileType = sourcecode.c.h; path = "UITabBarController+PPTopMostController.h"; sourceTree = "<group>"; };
		06CDA36C211C0B5A007410C9 /* RMessageDefaultDesign.json */ = {isa = PBXFileReference; fileEncoding = 4; lastKnownFileType = text.json; path = RMessageDefaultDesign.json; sourceTree = "<group>"; };
		06CDA36D211C0B5A007410C9 /* UINavigationController+PPTopMostController.m */ = {isa = PBXFileReference; fileEncoding = 4; lastKnownFileType = sourcecode.c.objc; path = "UINavigationController+PPTopMostController.m"; sourceTree = "<group>"; };
		06CDA36E211C0B5A007410C9 /* RMessage.h */ = {isa = PBXFileReference; fileEncoding = 4; lastKnownFileType = sourcecode.c.h; path = RMessage.h; sourceTree = "<group>"; };
		06CDA36F211C0B5A007410C9 /* UIViewController+PPTopMostController.m */ = {isa = PBXFileReference; fileEncoding = 4; lastKnownFileType = sourcecode.c.objc; path = "UIViewController+PPTopMostController.m"; sourceTree = "<group>"; };
		06CDA370211C0B5A007410C9 /* RMessageView.h */ = {isa = PBXFileReference; fileEncoding = 4; lastKnownFileType = sourcecode.c.h; path = RMessageView.h; sourceTree = "<group>"; };
		06CDA371211C0B5A007410C9 /* PPTopMostControllerProtocol.h */ = {isa = PBXFileReference; fileEncoding = 4; lastKnownFileType = sourcecode.c.h; path = PPTopMostControllerProtocol.h; sourceTree = "<group>"; };
		06CDA37B211C0C09007410C9 /* SWRevealViewController.h */ = {isa = PBXFileReference; fileEncoding = 4; lastKnownFileType = sourcecode.c.h; path = SWRevealViewController.h; sourceTree = "<group>"; };
		06CDA37C211C0C09007410C9 /* SWRevealViewController.m */ = {isa = PBXFileReference; fileEncoding = 4; lastKnownFileType = sourcecode.c.objc; path = SWRevealViewController.m; sourceTree = "<group>"; };
		06CDA37F211C0C0F007410C9 /* SVRadialGradientLayer.m */ = {isa = PBXFileReference; fileEncoding = 4; lastKnownFileType = sourcecode.c.objc; path = SVRadialGradientLayer.m; sourceTree = "<group>"; };
		06CDA380211C0C0F007410C9 /* SVProgressAnimatedView.m */ = {isa = PBXFileReference; fileEncoding = 4; lastKnownFileType = sourcecode.c.objc; path = SVProgressAnimatedView.m; sourceTree = "<group>"; };
		06CDA381211C0C0F007410C9 /* SVProgressHUD.h */ = {isa = PBXFileReference; fileEncoding = 4; lastKnownFileType = sourcecode.c.h; path = SVProgressHUD.h; sourceTree = "<group>"; };
		06CDA382211C0C0F007410C9 /* SVIndefiniteAnimatedView.m */ = {isa = PBXFileReference; fileEncoding = 4; lastKnownFileType = sourcecode.c.objc; path = SVIndefiniteAnimatedView.m; sourceTree = "<group>"; };
		06CDA383211C0C0F007410C9 /* SVProgressHUD.m */ = {isa = PBXFileReference; fileEncoding = 4; lastKnownFileType = sourcecode.c.objc; path = SVProgressHUD.m; sourceTree = "<group>"; };
		06CDA384211C0C0F007410C9 /* SVIndefiniteAnimatedView.h */ = {isa = PBXFileReference; fileEncoding = 4; lastKnownFileType = sourcecode.c.h; path = SVIndefiniteAnimatedView.h; sourceTree = "<group>"; };
		06CDA385211C0C0F007410C9 /* SVProgressAnimatedView.h */ = {isa = PBXFileReference; fileEncoding = 4; lastKnownFileType = sourcecode.c.h; path = SVProgressAnimatedView.h; sourceTree = "<group>"; };
		06CDA386211C0C0F007410C9 /* SVProgressHUD.bundle */ = {isa = PBXFileReference; lastKnownFileType = "wrapper.plug-in"; path = SVProgressHUD.bundle; sourceTree = "<group>"; };
		06CDA387211C0C0F007410C9 /* SVRadialGradientLayer.h */ = {isa = PBXFileReference; fileEncoding = 4; lastKnownFileType = sourcecode.c.h; path = SVRadialGradientLayer.h; sourceTree = "<group>"; };
		06CDA3AB211C0D79007410C9 /* TestAnswers */ = {isa = PBXFileReference; lastKnownFileType = folder; path = TestAnswers; sourceTree = "<group>"; };
		06CDA3AC211C0D79007410C9 /* TestInputs */ = {isa = PBXFileReference; lastKnownFileType = folder; path = TestInputs; sourceTree = "<group>"; };
		06D37CD61F873C7F009318AC /* Settings.bundle */ = {isa = PBXFileReference; lastKnownFileType = "wrapper.plug-in"; path = Settings.bundle; sourceTree = "<group>"; };
		06D6170A210974D200F58A30 /* OnePasswordExtension.m */ = {isa = PBXFileReference; fileEncoding = 4; lastKnownFileType = sourcecode.c.objc; path = OnePasswordExtension.m; sourceTree = "<group>"; };
		06D6170B210974D200F58A30 /* README.md */ = {isa = PBXFileReference; fileEncoding = 4; lastKnownFileType = net.daringfireball.markdown; path = README.md; sourceTree = "<group>"; };
		06D6170C210974D200F58A30 /* 1Password.xcassets */ = {isa = PBXFileReference; lastKnownFileType = folder.assetcatalog; path = 1Password.xcassets; sourceTree = "<group>"; };
		06D6170D210974D200F58A30 /* .gitignore */ = {isa = PBXFileReference; fileEncoding = 4; lastKnownFileType = text; path = .gitignore; sourceTree = "<group>"; };
		06D6170E210974D200F58A30 /* LICENSE.txt */ = {isa = PBXFileReference; fileEncoding = 4; lastKnownFileType = text; path = LICENSE.txt; sourceTree = "<group>"; };
		06D6170F210974D200F58A30 /* 1PasswordExtension.podspec */ = {isa = PBXFileReference; fileEncoding = 4; lastKnownFileType = text; path = 1PasswordExtension.podspec; sourceTree = "<group>"; };
		06D61710210974D200F58A30 /* OnePasswordExtension.h */ = {isa = PBXFileReference; fileEncoding = 4; lastKnownFileType = sourcecode.c.h; path = OnePasswordExtension.h; sourceTree = "<group>"; };
		06D61717210979CB00F58A30 /* Reachability.swift */ = {isa = PBXFileReference; fileEncoding = 4; lastKnownFileType = sourcecode.swift; path = Reachability.swift; sourceTree = "<group>"; };
		06E5E2ED20C1504500C77382 /* WingItTests.xctest */ = {isa = PBXFileReference; explicitFileType = wrapper.cfbundle; includeInIndex = 0; path = WingItTests.xctest; sourceTree = BUILT_PRODUCTS_DIR; };
		06E5E2EF20C1504500C77382 /* WingItTests.swift */ = {isa = PBXFileReference; lastKnownFileType = sourcecode.swift; path = WingItTests.swift; sourceTree = "<group>"; };
		06E5E2F120C1504500C77382 /* Info.plist */ = {isa = PBXFileReference; lastKnownFileType = text.plist.xml; path = Info.plist; sourceTree = "<group>"; };
		06E758972107E8E6007BDF76 /* WingItTestsSuper.swift */ = {isa = PBXFileReference; lastKnownFileType = sourcecode.swift; path = WingItTestsSuper.swift; sourceTree = "<group>"; };
		06E7589C21083957007BDF76 /* SegueTests.swift */ = {isa = PBXFileReference; lastKnownFileType = sourcecode.swift; path = SegueTests.swift; sourceTree = "<group>"; };
		297C56921ED9126200C44420 /* LoginView.swift */ = {isa = PBXFileReference; fileEncoding = 4; lastKnownFileType = sourcecode.swift; path = LoginView.swift; sourceTree = "<group>"; };
		534A442020873F03009E719E /* NavigationCell.swift */ = {isa = PBXFileReference; lastKnownFileType = sourcecode.swift; path = NavigationCell.swift; sourceTree = "<group>"; };
		53B30671207754A0006E05B7 /* LessonCell.swift */ = {isa = PBXFileReference; lastKnownFileType = sourcecode.swift; path = LessonCell.swift; sourceTree = "<group>"; };
		53B306732077584C006E05B7 /* AppCells.swift */ = {isa = PBXFileReference; lastKnownFileType = sourcecode.swift; path = AppCells.swift; sourceTree = "<group>"; };
		53B306752077643A006E05B7 /* AppColors.swift */ = {isa = PBXFileReference; lastKnownFileType = sourcecode.swift; path = AppColors.swift; sourceTree = "<group>"; };
		53BB7A161ED133A900370F7B /* Constants.swift */ = {isa = PBXFileReference; fileEncoding = 4; lastKnownFileType = sourcecode.swift; path = Constants.swift; sourceTree = "<group>"; };
		53BB7A181ED14C3700370F7B /* ClashCell.swift */ = {isa = PBXFileReference; fileEncoding = 4; lastKnownFileType = sourcecode.swift; path = ClashCell.swift; sourceTree = "<group>"; };
		53BB7A201ED1536C00370F7B /* DetailView.swift */ = {isa = PBXFileReference; fileEncoding = 4; lastKnownFileType = sourcecode.swift; path = DetailView.swift; sourceTree = "<group>"; };
		53C7D0381EC9B6A500D0BD9C /* Lesson.swift */ = {isa = PBXFileReference; fileEncoding = 4; lastKnownFileType = sourcecode.swift; path = Lesson.swift; sourceTree = "<group>"; };
		53C7D03A1EC9B79D00D0BD9C /* C-Swift-Bridging-Header.h */ = {isa = PBXFileReference; lastKnownFileType = sourcecode.c.h; path = "C-Swift-Bridging-Header.h"; sourceTree = "<group>"; };
		53C7D03E1EC9BD8400D0BD9C /* MenuTableViewController.swift */ = {isa = PBXFileReference; fileEncoding = 4; lastKnownFileType = sourcecode.swift; path = MenuTableViewController.swift; sourceTree = "<group>"; };
		53D4B37F20760D9A0063E45F /* TimeDateUtil.swift */ = {isa = PBXFileReference; lastKnownFileType = sourcecode.swift; path = TimeDateUtil.swift; sourceTree = "<group>"; };
		53D4B38120760FBF0063E45F /* NavigationService.swift */ = {isa = PBXFileReference; lastKnownFileType = sourcecode.swift; path = NavigationService.swift; sourceTree = "<group>"; };
		53D4B383207610140063E45F /* AppStates.swift */ = {isa = PBXFileReference; lastKnownFileType = sourcecode.swift; path = AppStates.swift; sourceTree = "<group>"; };
		53D4B38520761F700063E45F /* NavigationProtocols.swift */ = {isa = PBXFileReference; lastKnownFileType = sourcecode.swift; path = NavigationProtocols.swift; sourceTree = "<group>"; };
		53DED0D9207F660000C363AF /* AboutView.swift */ = {isa = PBXFileReference; lastKnownFileType = sourcecode.swift; path = AboutView.swift; sourceTree = "<group>"; };
		53F8A0081EC3D0010001604A /* WingIt.app */ = {isa = PBXFileReference; explicitFileType = wrapper.application; includeInIndex = 0; path = WingIt.app; sourceTree = BUILT_PRODUCTS_DIR; };
		53F8A00B1EC3D0010001604A /* AppDelegate.swift */ = {isa = PBXFileReference; lastKnownFileType = sourcecode.swift; path = AppDelegate.swift; sourceTree = "<group>"; };
		53F8A00D1EC3D0010001604A /* TimetableView.swift */ = {isa = PBXFileReference; lastKnownFileType = sourcecode.swift; path = TimetableView.swift; sourceTree = "<group>"; };
		53F8A0101EC3D0010001604A /* Base */ = {isa = PBXFileReference; lastKnownFileType = file.storyboard; name = Base; path = Base.lproj/Main.storyboard; sourceTree = "<group>"; };
		53F8A0131EC3D0010001604A /* Project.xcdatamodel */ = {isa = PBXFileReference; lastKnownFileType = wrapper.xcdatamodel; path = Project.xcdatamodel; sourceTree = "<group>"; };
		53F8A0151EC3D0010001604A /* Assets.xcassets */ = {isa = PBXFileReference; lastKnownFileType = folder.assetcatalog; path = Assets.xcassets; sourceTree = "<group>"; };
		53F8A0181EC3D0010001604A /* Base */ = {isa = PBXFileReference; lastKnownFileType = file.storyboard; name = Base; path = Base.lproj/LaunchScreen.storyboard; sourceTree = "<group>"; };
		53F8A01A1EC3D0010001604A /* Info.plist */ = {isa = PBXFileReference; lastKnownFileType = text.plist.xml; path = Info.plist; sourceTree = "<group>"; };
		53F8A0201EC3DE930001604A /* DayCollectionViewCell.swift */ = {isa = PBXFileReference; fileEncoding = 4; lastKnownFileType = sourcecode.swift; path = DayCollectionViewCell.swift; sourceTree = "<group>"; };
/* End PBXFileReference section */

/* Begin PBXFrameworksBuildPhase section */
		06934D771F86730B00D308BD /* Frameworks */ = {
			isa = PBXFrameworksBuildPhase;
			buildActionMask = 2147483647;
			files = (
			);
			runOnlyForDeploymentPostprocessing = 0;
		};
		06E5E2EA20C1504500C77382 /* Frameworks */ = {
			isa = PBXFrameworksBuildPhase;
			buildActionMask = 2147483647;
			files = (
			);
			runOnlyForDeploymentPostprocessing = 0;
		};
		53F8A0051EC3D0010001604A /* Frameworks */ = {
			isa = PBXFrameworksBuildPhase;
			buildActionMask = 2147483647;
			files = (
				06A5475E1F7B1D9600967FD7 /* libBackend.a in Frameworks */,
			);
			runOnlyForDeploymentPostprocessing = 0;
		};
/* End PBXFrameworksBuildPhase section */

/* Begin PBXGroup section */
		062EB9421F8B414B005F350E /* SwiftKeychainWrapper */ = {
			isa = PBXGroup;
			children = (
				062EB9431F8B414B005F350E /* Info.plist */,
				062EB9441F8B414B005F350E /* KeychainWrapper.swift */,
				062EB9451F8B414B005F350E /* KeychainItemAccessibility.swift */,
				062EB9461F8B414B005F350E /* SwiftKeychainWrapper.h */,
			);
			path = SwiftKeychainWrapper;
			sourceTree = "<group>";
		};
		065192E1211C0683000629B6 /* Views */ = {
			isa = PBXGroup;
			children = (
				53F8A00D1EC3D0010001604A /* TimetableView.swift */,
				534A442020873F03009E719E /* NavigationCell.swift */,
				53DED0D9207F660000C363AF /* AboutView.swift */,
				53C7D03E1EC9BD8400D0BD9C /* MenuTableViewController.swift */,
				297C56921ED9126200C44420 /* LoginView.swift */,
				53BB7A201ED1536C00370F7B /* DetailView.swift */,
			);
			path = Views;
			sourceTree = "<group>";
		};
		065192E2211C06A6000629B6 /* Navigation */ = {
			isa = PBXGroup;
			children = (
				53D4B38120760FBF0063E45F /* NavigationService.swift */,
				53D4B38520761F700063E45F /* NavigationProtocols.swift */,
			);
			path = Navigation;
			sourceTree = "<group>";
		};
		065192E3211C06B8000629B6 /* App Definitions */ = {
			isa = PBXGroup;
			children = (
				53B306732077584C006E05B7 /* AppCells.swift */,
				53D4B383207610140063E45F /* AppStates.swift */,
				53B306752077643A006E05B7 /* AppColors.swift */,
			);
			path = "App Definitions";
			sourceTree = "<group>";
		};
		065192E4211C06D3000629B6 /* Cells */ = {
			isa = PBXGroup;
			children = (
				53BB7A181ED14C3700370F7B /* ClashCell.swift */,
				53F8A0201EC3DE930001604A /* DayCollectionViewCell.swift */,
				53B30671207754A0006E05B7 /* LessonCell.swift */,
			);
			path = Cells;
			sourceTree = "<group>";
		};
		067CFB61211C05D000D7FF8A /* 3rd party libraries */ = {
			isa = PBXGroup;
			children = (
				06CDA37E211C0C0F007410C9 /* SVProgressHUD Indicator */,
				06CDA37A211C0C09007410C9 /* SW Reveal Control burger menu */,
				06CDA362211C0B5A007410C9 /* RMessage Notifications */,
				06D61709210974D200F58A30 /* onepassword-app-extension */,
				062EB9421F8B414B005F350E /* SwiftKeychainWrapper */,
				06D61717210979CB00F58A30 /* Reachability.swift */,
			);
			path = "3rd party libraries";
			sourceTree = "<group>";
		};
		06934D7B1F86730B00D308BD /* WingItUITests */ = {
			isa = PBXGroup;
			children = (
				06E7589C21083957007BDF76 /* SegueTests.swift */,
				0660DB1921054E70006D9D56 /* StabilityAndSanityTests.swift */,
				0660DB1721054C9D006D9D56 /* WingItUITestsSuper.swift */,
				06060CD921054A2100507B89 /* TimetableEventPositionTests.swift */,
				0675D6E421005669003B0233 /* testData.csv */,
				06934D7C1F86730B00D308BD /* LoginAndRefreshTests.swift */,
				06934D7E1F86730B00D308BD /* Info.plist */,
			);
			path = WingItUITests;
			sourceTree = "<group>";
		};
		06CDA35A211C0772007410C9 /* Data Structures */ = {
			isa = PBXGroup;
			children = (
				53C7D0381EC9B6A500D0BD9C /* Lesson.swift */,
				53BB7A161ED133A900370F7B /* Constants.swift */,
			);
			path = "Data Structures";
			sourceTree = "<group>";
		};
		06CDA35B211C0843007410C9 /* Utilities */ = {
			isa = PBXGroup;
			children = (
				06B38A371F82361E009EDC60 /* CommonUtil.swift */,
				061F3E7F1F8AF09C00BD0D09 /* DataUtil.swift */,
				53D4B37F20760D9A0063E45F /* TimeDateUtil.swift */,
			);
			path = Utilities;
			sourceTree = "<group>";
		};
		06CDA35C211C0867007410C9 /* C bridge */ = {
			isa = PBXGroup;
			children = (
				06A637F81F7DD15F00C5F15F /* wrapper.cpp */,
				0640830020C36D2700F568CB /* Cwrapper.swift */,
				53C7D03A1EC9B79D00D0BD9C /* C-Swift-Bridging-Header.h */,
			);
			path = "C bridge";
			sourceTree = "<group>";
		};
		06CDA362211C0B5A007410C9 /* RMessage Notifications */ = {
			isa = PBXGroup;
			children = (
				06CDA363211C0B5A007410C9 /* RMessageView.m */,
				06CDA364211C0B5A007410C9 /* HexColors.h */,
				06CDA365211C0B5A007410C9 /* UITabBarController+PPTopMostController.m */,
				06CDA366211C0B5A007410C9 /* UINavigationController+PPTopMostController.h */,
				06CDA367211C0B5A007410C9 /* RMessage.m */,
				06CDA368211C0B5A007410C9 /* RMessageView.xib */,
				06CDA369211C0B5A007410C9 /* UIViewController+PPTopMostController.h */,
				06CDA36A211C0B5A007410C9 /* HexColors.m */,
				06CDA36B211C0B5A007410C9 /* UITabBarController+PPTopMostController.h */,
				06CDA36C211C0B5A007410C9 /* RMessageDefaultDesign.json */,
				06CDA36D211C0B5A007410C9 /* UINavigationController+PPTopMostController.m */,
				06CDA36E211C0B5A007410C9 /* RMessage.h */,
				06CDA36F211C0B5A007410C9 /* UIViewController+PPTopMostController.m */,
				06CDA370211C0B5A007410C9 /* RMessageView.h */,
				06CDA371211C0B5A007410C9 /* PPTopMostControllerProtocol.h */,
			);
			path = "RMessage Notifications";
			sourceTree = "<group>";
		};
		06CDA37A211C0C09007410C9 /* SW Reveal Control burger menu */ = {
			isa = PBXGroup;
			children = (
				06CDA37B211C0C09007410C9 /* SWRevealViewController.h */,
				06CDA37C211C0C09007410C9 /* SWRevealViewController.m */,
			);
			path = "SW Reveal Control burger menu";
			sourceTree = "<group>";
		};
		06CDA37E211C0C0F007410C9 /* SVProgressHUD Indicator */ = {
			isa = PBXGroup;
			children = (
				06CDA37F211C0C0F007410C9 /* SVRadialGradientLayer.m */,
				06CDA380211C0C0F007410C9 /* SVProgressAnimatedView.m */,
				06CDA381211C0C0F007410C9 /* SVProgressHUD.h */,
				06CDA382211C0C0F007410C9 /* SVIndefiniteAnimatedView.m */,
				06CDA383211C0C0F007410C9 /* SVProgressHUD.m */,
				06CDA384211C0C0F007410C9 /* SVIndefiniteAnimatedView.h */,
				06CDA385211C0C0F007410C9 /* SVProgressAnimatedView.h */,
				06CDA386211C0C0F007410C9 /* SVProgressHUD.bundle */,
				06CDA387211C0C0F007410C9 /* SVRadialGradientLayer.h */,
			);
			path = "SVProgressHUD Indicator";
			sourceTree = "<group>";
		};
		06CDA3AD211C0D79007410C9 /* Test files */ = {
			isa = PBXGroup;
			children = (
				06CDA3AB211C0D79007410C9 /* TestAnswers */,
				06CDA3AC211C0D79007410C9 /* TestInputs */,
			);
			path = "Test files";
			sourceTree = "<group>";
		};
		06D61709210974D200F58A30 /* onepassword-app-extension */ = {
			isa = PBXGroup;
			children = (
				06D6170A210974D200F58A30 /* OnePasswordExtension.m */,
				06D6170B210974D200F58A30 /* README.md */,
				06D6170C210974D200F58A30 /* 1Password.xcassets */,
				06D6170D210974D200F58A30 /* .gitignore */,
				06D6170E210974D200F58A30 /* LICENSE.txt */,
				06D6170F210974D200F58A30 /* 1PasswordExtension.podspec */,
				06D61710210974D200F58A30 /* OnePasswordExtension.h */,
			);
			name = "onepassword-app-extension";
			path = "WingIt/3rd party libraries/onepassword-app-extension";
			sourceTree = SOURCE_ROOT;
		};
		06E5E2EE20C1504500C77382 /* WingItTests */ = {
			isa = PBXGroup;
			children = (
				06E758972107E8E6007BDF76 /* WingItTestsSuper.swift */,
				06940F672101883500EF3E96 /* DateTimeTests.swift */,
				06E5E2EF20C1504500C77382 /* WingItTests.swift */,
				06E5E2F120C1504500C77382 /* Info.plist */,
			);
			path = WingItTests;
			sourceTree = "<group>";
		};
		53F89FFF1EC3D0010001604A = {
			isa = PBXGroup;
			children = (
				06CDA3AD211C0D79007410C9 /* Test files */,
				06D37CD61F873C7F009318AC /* Settings.bundle */,
				53F8A00A1EC3D0010001604A /* WingIt */,
				06934D7B1F86730B00D308BD /* WingItUITests */,
				06E5E2EE20C1504500C77382 /* WingItTests */,
				53F8A0091EC3D0010001604A /* Products */,
				9D76A468FCF7B393CEA24F56 /* Frameworks */,
			);
			sourceTree = "<group>";
		};
		53F8A0091EC3D0010001604A /* Products */ = {
			isa = PBXGroup;
			children = (
				53F8A0081EC3D0010001604A /* WingIt.app */,
				06934D7A1F86730B00D308BD /* WingItUITests.xctest */,
				06E5E2ED20C1504500C77382 /* WingItTests.xctest */,
			);
			name = Products;
			sourceTree = "<group>";
		};
		53F8A00A1EC3D0010001604A /* WingIt */ = {
			isa = PBXGroup;
			children = (
				06CDA35C211C0867007410C9 /* C bridge */,
				53F8A00B1EC3D0010001604A /* AppDelegate.swift */,
				53F8A00F1EC3D0010001604A /* Main.storyboard */,
				06CDA35B211C0843007410C9 /* Utilities */,
				065192E1211C0683000629B6 /* Views */,
				065192E2211C06A6000629B6 /* Navigation */,
				065192E4211C06D3000629B6 /* Cells */,
				065192E3211C06B8000629B6 /* App Definitions */,
				06CDA35A211C0772007410C9 /* Data Structures */,
				53F8A01A1EC3D0010001604A /* Info.plist */,
				53F8A0171EC3D0010001604A /* LaunchScreen.storyboard */,
				53F8A0121EC3D0010001604A /* Project.xcdatamodeld */,
				063A25DE210A99FC00967041 /* SystemIcons.xcassets */,
				53F8A0151EC3D0010001604A /* Assets.xcassets */,
				067CFB61211C05D000D7FF8A /* 3rd party libraries */,
			);
			path = WingIt;
			sourceTree = "<group>";
		};
		9D76A468FCF7B393CEA24F56 /* Frameworks */ = {
			isa = PBXGroup;
			children = (
				06A5475D1F7B1D9600967FD7 /* libBackend.a */,
			);
			name = Frameworks;
			sourceTree = "<group>";
		};
/* End PBXGroup section */

/* Begin PBXNativeTarget section */
		06934D791F86730B00D308BD /* WingItUITests */ = {
			isa = PBXNativeTarget;
			buildConfigurationList = 06934D831F86730B00D308BD /* Build configuration list for PBXNativeTarget "WingItUITests" */;
			buildPhases = (
				06934D761F86730B00D308BD /* Sources */,
				06934D771F86730B00D308BD /* Frameworks */,
				06934D781F86730B00D308BD /* Resources */,
			);
			buildRules = (
			);
			dependencies = (
				06934D801F86730B00D308BD /* PBXTargetDependency */,
			);
			name = WingItUITests;
			productName = WingItUITests;
			productReference = 06934D7A1F86730B00D308BD /* WingItUITests.xctest */;
			productType = "com.apple.product-type.bundle.ui-testing";
		};
		06E5E2EC20C1504500C77382 /* WingItTests */ = {
			isa = PBXNativeTarget;
			buildConfigurationList = 06E5E2F620C1504500C77382 /* Build configuration list for PBXNativeTarget "WingItTests" */;
			buildPhases = (
				06E5E2E920C1504500C77382 /* Sources */,
				06E5E2EA20C1504500C77382 /* Frameworks */,
				06E5E2EB20C1504500C77382 /* Resources */,
			);
			buildRules = (
			);
			dependencies = (
				06E5E2F320C1504500C77382 /* PBXTargetDependency */,
			);
			name = WingItTests;
			productName = WingItTests;
			productReference = 06E5E2ED20C1504500C77382 /* WingItTests.xctest */;
			productType = "com.apple.product-type.bundle.unit-test";
		};
		53F8A0071EC3D0010001604A /* WingIt */ = {
			isa = PBXNativeTarget;
			buildConfigurationList = 53F8A01D1EC3D0010001604A /* Build configuration list for PBXNativeTarget "WingIt" */;
			buildPhases = (
				53F8A0041EC3D0010001604A /* Sources */,
				53F8A0051EC3D0010001604A /* Frameworks */,
				53F8A0061EC3D0010001604A /* Resources */,
				060979BD204D9239002C411F /* Set Version num from git tag */,
			);
			buildRules = (
			);
			dependencies = (
			);
			name = WingIt;
			productName = Project;
			productReference = 53F8A0081EC3D0010001604A /* WingIt.app */;
			productType = "com.apple.product-type.application";
		};
/* End PBXNativeTarget section */

/* Begin PBXProject section */
		53F8A0001EC3D0010001604A /* Project object */ = {
			isa = PBXProject;
			attributes = {
				LastSwiftUpdateCheck = 0910;
				LastUpgradeCheck = 0940;
				ORGANIZATIONNAME = Noisive;
				TargetAttributes = {
					06934D791F86730B00D308BD = {
						CreatedOnToolsVersion = 9.0;
						DevelopmentTeam = 9L3BH5LC27;
						ProvisioningStyle = Automatic;
						TestTargetID = 53F8A0071EC3D0010001604A;
					};
					06E5E2EC20C1504500C77382 = {
						CreatedOnToolsVersion = 9.1;
						ProvisioningStyle = Automatic;
						TestTargetID = 53F8A0071EC3D0010001604A;
					};
					53F8A0071EC3D0010001604A = {
						CreatedOnToolsVersion = 8.3.2;
						DevelopmentTeam = 9L3BH5LC27;
						LastSwiftMigration = 0900;
						ProvisioningStyle = Automatic;
					};
				};
			};
			buildConfigurationList = 53F8A0031EC3D0010001604A /* Build configuration list for PBXProject "WingIt" */;
			compatibilityVersion = "Xcode 3.2";
			developmentRegion = English;
			hasScannedForEncodings = 0;
			knownRegions = (
				en,
				Base,
			);
			mainGroup = 53F89FFF1EC3D0010001604A;
			productRefGroup = 53F8A0091EC3D0010001604A /* Products */;
			projectDirPath = "";
			projectRoot = "";
			targets = (
				53F8A0071EC3D0010001604A /* WingIt */,
				06934D791F86730B00D308BD /* WingItUITests */,
				06E5E2EC20C1504500C77382 /* WingItTests */,
			);
		};
/* End PBXProject section */

/* Begin PBXResourcesBuildPhase section */
		06934D781F86730B00D308BD /* Resources */ = {
			isa = PBXResourcesBuildPhase;
			buildActionMask = 2147483647;
			files = (
			);
			runOnlyForDeploymentPostprocessing = 0;
		};
		06E5E2EB20C1504500C77382 /* Resources */ = {
			isa = PBXResourcesBuildPhase;
			buildActionMask = 2147483647;
			files = (
			);
			runOnlyForDeploymentPostprocessing = 0;
		};
		53F8A0061EC3D0010001604A /* Resources */ = {
			isa = PBXResourcesBuildPhase;
			buildActionMask = 2147483647;
			files = (
				06D61715210974D300F58A30 /* LICENSE.txt in Resources */,
				063A25DF210A99FD00967041 /* SystemIcons.xcassets in Resources */,
				06D61713210974D300F58A30 /* 1Password.xcassets in Resources */,
				0675D6E721006406003B0233 /* testData.csv in Resources */,
				06D61716210974D300F58A30 /* 1PasswordExtension.podspec in Resources */,
				06D61714210974D300F58A30 /* .gitignore in Resources */,
				06D37CD71F873C7F009318AC /* Settings.bundle in Resources */,
				06CDA38C211C0C10007410C9 /* SVProgressHUD.bundle in Resources */,
				06CDA377211C0B5B007410C9 /* RMessageDefaultDesign.json in Resources */,
				53F8A0191EC3D0010001604A /* LaunchScreen.storyboard in Resources */,
				06D61712210974D300F58A30 /* README.md in Resources */,
				06CDA375211C0B5B007410C9 /* RMessageView.xib in Resources */,
				53F8A0161EC3D0010001604A /* Assets.xcassets in Resources */,
				53F8A0111EC3D0010001604A /* Main.storyboard in Resources */,
			);
			runOnlyForDeploymentPostprocessing = 0;
		};
/* End PBXResourcesBuildPhase section */

/* Begin PBXShellScriptBuildPhase section */
		060979BD204D9239002C411F /* Set Version num from git tag */ = {
			isa = PBXShellScriptBuildPhase;
			buildActionMask = 2147483647;
			files = (
			);
			inputPaths = (
			);
			name = "Set Version num from git tag";
			outputPaths = (
			);
			runOnlyForDeploymentPostprocessing = 0;
			shellPath = /bin/bash;
			shellScript = $PROJECT_DIR/setVersionFromGitTag.sh;
		};
/* End PBXShellScriptBuildPhase section */

/* Begin PBXSourcesBuildPhase section */
		06934D761F86730B00D308BD /* Sources */ = {
			isa = PBXSourcesBuildPhase;
			buildActionMask = 2147483647;
			files = (
				06934D7D1F86730B00D308BD /* LoginAndRefreshTests.swift in Sources */,
				06060CDA21054A2100507B89 /* TimetableEventPositionTests.swift in Sources */,
				0660DB1821054C9D006D9D56 /* WingItUITestsSuper.swift in Sources */,
				06E7589D21083958007BDF76 /* SegueTests.swift in Sources */,
				0660DB1A21054E70006D9D56 /* StabilityAndSanityTests.swift in Sources */,
			);
			runOnlyForDeploymentPostprocessing = 0;
		};
		06E5E2E920C1504500C77382 /* Sources */ = {
			isa = PBXSourcesBuildPhase;
			buildActionMask = 2147483647;
			files = (
				06E5E2F020C1504500C77382 /* WingItTests.swift in Sources */,
				06E758982107E8E6007BDF76 /* WingItTestsSuper.swift in Sources */,
				06940F682101883500EF3E96 /* DateTimeTests.swift in Sources */,
			);
			runOnlyForDeploymentPostprocessing = 0;
		};
		53F8A0041EC3D0010001604A /* Sources */ = {
			isa = PBXSourcesBuildPhase;
			buildActionMask = 2147483647;
			files = (
				062EB9471F8B415F005F350E /* KeychainWrapper.swift in Sources */,
				062EB9481F8B415F005F350E /* KeychainItemAccessibility.swift in Sources */,
				53DED0DA207F660000C363AF /* AboutView.swift in Sources */,
				06CDA378211C0B5B007410C9 /* UINavigationController+PPTopMostController.m in Sources */,
				53B306762077643A006E05B7 /* AppColors.swift in Sources */,
				53F8A00E1EC3D0010001604A /* TimetableView.swift in Sources */,
				06CDA37D211C0C09007410C9 /* SWRevealViewController.m in Sources */,
				06B38A381F82361E009EDC60 /* CommonUtil.swift in Sources */,
				53F8A0141EC3D0010001604A /* Project.xcdatamodeld in Sources */,
				53B30672207754A0006E05B7 /* LessonCell.swift in Sources */,
				53BB7A191ED14C3800370F7B /* ClashCell.swift in Sources */,
				53F8A00C1EC3D0010001604A /* AppDelegate.swift in Sources */,
				53C7D03F1EC9BD8400D0BD9C /* MenuTableViewController.swift in Sources */,
				53D4B384207610140063E45F /* AppStates.swift in Sources */,
				53C7D0391EC9B6A500D0BD9C /* Lesson.swift in Sources */,
				53D4B38620761F700063E45F /* NavigationProtocols.swift in Sources */,
				53F8A0211EC3DE930001604A /* DayCollectionViewCell.swift in Sources */,
				297C56931ED9126200C44420 /* LoginView.swift in Sources */,
				06CDA388211C0C10007410C9 /* SVRadialGradientLayer.m in Sources */,
				06CDA373211C0B5B007410C9 /* UITabBarController+PPTopMostController.m in Sources */,
				06CDA38A211C0C10007410C9 /* SVIndefiniteAnimatedView.m in Sources */,
				534A442120873F03009E719E /* NavigationCell.swift in Sources */,
				06A637F91F7DD15F00C5F15F /* wrapper.cpp in Sources */,
				06CDA374211C0B5B007410C9 /* RMessage.m in Sources */,
				53D4B38220760FBF0063E45F /* NavigationService.swift in Sources */,
				53BB7A171ED133A900370F7B /* Constants.swift in Sources */,
				06D61711210974D300F58A30 /* OnePasswordExtension.m in Sources */,
				0640830120C36D2800F568CB /* Cwrapper.swift in Sources */,
				53D4B38020760D9A0063E45F /* TimeDateUtil.swift in Sources */,
				061F3E801F8AF09C00BD0D09 /* DataUtil.swift in Sources */,
				53BB7A211ED1536C00370F7B /* DetailView.swift in Sources */,
				06CDA376211C0B5B007410C9 /* HexColors.m in Sources */,
				53B306742077584C006E05B7 /* AppCells.swift in Sources */,
				06D61718210979CB00F58A30 /* Reachability.swift in Sources */,
				06CDA38B211C0C10007410C9 /* SVProgressHUD.m in Sources */,
				06CDA372211C0B5B007410C9 /* RMessageView.m in Sources */,
				06CDA389211C0C10007410C9 /* SVProgressAnimatedView.m in Sources */,
				06CDA379211C0B5B007410C9 /* UIViewController+PPTopMostController.m in Sources */,
			);
			runOnlyForDeploymentPostprocessing = 0;
		};
/* End PBXSourcesBuildPhase section */

/* Begin PBXTargetDependency section */
		06934D801F86730B00D308BD /* PBXTargetDependency */ = {
			isa = PBXTargetDependency;
			target = 53F8A0071EC3D0010001604A /* WingIt */;
			targetProxy = 06934D7F1F86730B00D308BD /* PBXContainerItemProxy */;
		};
		06E5E2F320C1504500C77382 /* PBXTargetDependency */ = {
			isa = PBXTargetDependency;
			target = 53F8A0071EC3D0010001604A /* WingIt */;
			targetProxy = 06E5E2F220C1504500C77382 /* PBXContainerItemProxy */;
		};
/* End PBXTargetDependency section */

/* Begin PBXVariantGroup section */
		53F8A00F1EC3D0010001604A /* Main.storyboard */ = {
			isa = PBXVariantGroup;
			children = (
				53F8A0101EC3D0010001604A /* Base */,
			);
			name = Main.storyboard;
			sourceTree = "<group>";
		};
		53F8A0171EC3D0010001604A /* LaunchScreen.storyboard */ = {
			isa = PBXVariantGroup;
			children = (
				53F8A0181EC3D0010001604A /* Base */,
			);
			name = LaunchScreen.storyboard;
			sourceTree = "<group>";
		};
/* End PBXVariantGroup section */

/* Begin XCBuildConfiguration section */
		06934D811F86730B00D308BD /* Debug */ = {
			isa = XCBuildConfiguration;
			buildSettings = {
				CLANG_CXX_LANGUAGE_STANDARD = "gnu++14";
				CLANG_WARN_UNGUARDED_AVAILABILITY = YES_AGGRESSIVE;
				CODE_SIGN_IDENTITY = "iPhone Developer";
				CODE_SIGN_STYLE = Automatic;
				DEVELOPMENT_TEAM = 9L3BH5LC27;
				GCC_C_LANGUAGE_STANDARD = gnu11;
				INFOPLIST_FILE = WingItUITests/Info.plist;
				IPHONEOS_DEPLOYMENT_TARGET = 11.0;
				LD_RUNPATH_SEARCH_PATHS = "$(inherited) @executable_path/Frameworks @loader_path/Frameworks";
				PRODUCT_BUNDLE_IDENTIFIER = noisive.WingItUITests;
				PRODUCT_NAME = "$(TARGET_NAME)";
				SWIFT_VERSION = 4.0;
				TARGETED_DEVICE_FAMILY = "1,2";
				TEST_TARGET_NAME = WingIt;
			};
			name = Debug;
		};
		06934D821F86730B00D308BD /* Release */ = {
			isa = XCBuildConfiguration;
			buildSettings = {
				CLANG_CXX_LANGUAGE_STANDARD = "gnu++14";
				CLANG_WARN_UNGUARDED_AVAILABILITY = YES_AGGRESSIVE;
				CODE_SIGN_IDENTITY = "iPhone Developer";
				CODE_SIGN_STYLE = Automatic;
				DEVELOPMENT_TEAM = 9L3BH5LC27;
				GCC_C_LANGUAGE_STANDARD = gnu11;
				INFOPLIST_FILE = WingItUITests/Info.plist;
				IPHONEOS_DEPLOYMENT_TARGET = 11.0;
				LD_RUNPATH_SEARCH_PATHS = "$(inherited) @executable_path/Frameworks @loader_path/Frameworks";
				PRODUCT_BUNDLE_IDENTIFIER = noisive.WingItUITests;
				PRODUCT_NAME = "$(TARGET_NAME)";
				SWIFT_VERSION = 4.0;
				TARGETED_DEVICE_FAMILY = "1,2";
				TEST_TARGET_NAME = WingIt;
			};
			name = Release;
		};
		06E5E2F420C1504500C77382 /* Debug */ = {
			isa = XCBuildConfiguration;
			buildSettings = {
				BUNDLE_LOADER = "$(TEST_HOST)";
				CLANG_CXX_LANGUAGE_STANDARD = "gnu++14";
				CLANG_WARN_UNGUARDED_AVAILABILITY = YES_AGGRESSIVE;
				CODE_SIGN_IDENTITY = "iPhone Developer";
				CODE_SIGN_STYLE = Automatic;
				GCC_C_LANGUAGE_STANDARD = gnu11;
				INFOPLIST_FILE = WingItTests/Info.plist;
				IPHONEOS_DEPLOYMENT_TARGET = 11.1;
				LD_RUNPATH_SEARCH_PATHS = "$(inherited) @executable_path/Frameworks @loader_path/Frameworks";
				PRODUCT_BUNDLE_IDENTIFIER = "stoned-crone.WingItTests";
				PRODUCT_NAME = "$(TARGET_NAME)";
				SWIFT_VERSION = 4.0;
				TARGETED_DEVICE_FAMILY = "1,2";
				TEST_HOST = "$(BUILT_PRODUCTS_DIR)/WingIt.app/WingIt";
			};
			name = Debug;
		};
		06E5E2F520C1504500C77382 /* Release */ = {
			isa = XCBuildConfiguration;
			buildSettings = {
				BUNDLE_LOADER = "$(TEST_HOST)";
				CLANG_CXX_LANGUAGE_STANDARD = "gnu++14";
				CLANG_WARN_UNGUARDED_AVAILABILITY = YES_AGGRESSIVE;
				CODE_SIGN_IDENTITY = "iPhone Developer";
				CODE_SIGN_STYLE = Automatic;
				GCC_C_LANGUAGE_STANDARD = gnu11;
				INFOPLIST_FILE = WingItTests/Info.plist;
				IPHONEOS_DEPLOYMENT_TARGET = 11.1;
				LD_RUNPATH_SEARCH_PATHS = "$(inherited) @executable_path/Frameworks @loader_path/Frameworks";
				PRODUCT_BUNDLE_IDENTIFIER = "stoned-crone.WingItTests";
				PRODUCT_NAME = "$(TARGET_NAME)";
				SWIFT_VERSION = 4.0;
				TARGETED_DEVICE_FAMILY = "1,2";
				TEST_HOST = "$(BUILT_PRODUCTS_DIR)/WingIt.app/WingIt";
			};
			name = Release;
		};
		53F8A01B1EC3D0010001604A /* Debug */ = {
			isa = XCBuildConfiguration;
			buildSettings = {
				ALWAYS_SEARCH_USER_PATHS = NO;
				CLANG_ANALYZER_NONNULL = YES;
				CLANG_ANALYZER_NUMBER_OBJECT_CONVERSION = YES_AGGRESSIVE;
				CLANG_CXX_LANGUAGE_STANDARD = "gnu++0x";
				CLANG_CXX_LIBRARY = "libc++";
				CLANG_ENABLE_MODULES = YES;
				CLANG_ENABLE_OBJC_ARC = YES;
				CLANG_WARN_BLOCK_CAPTURE_AUTORELEASING = YES;
				CLANG_WARN_BOOL_CONVERSION = YES;
				CLANG_WARN_COMMA = YES;
				CLANG_WARN_CONSTANT_CONVERSION = YES;
				CLANG_WARN_DEPRECATED_OBJC_IMPLEMENTATIONS = YES;
				CLANG_WARN_DIRECT_OBJC_ISA_USAGE = YES_ERROR;
				CLANG_WARN_DOCUMENTATION_COMMENTS = YES;
				CLANG_WARN_EMPTY_BODY = YES;
				CLANG_WARN_ENUM_CONVERSION = YES;
				CLANG_WARN_INFINITE_RECURSION = YES;
				CLANG_WARN_INT_CONVERSION = YES;
				CLANG_WARN_NON_LITERAL_NULL_CONVERSION = YES;
				CLANG_WARN_OBJC_IMPLICIT_RETAIN_SELF = YES;
				CLANG_WARN_OBJC_LITERAL_CONVERSION = YES;
				CLANG_WARN_OBJC_ROOT_CLASS = YES_ERROR;
				CLANG_WARN_RANGE_LOOP_ANALYSIS = YES;
				CLANG_WARN_STRICT_PROTOTYPES = YES;
				CLANG_WARN_SUSPICIOUS_MOVE = YES;
				CLANG_WARN_UNREACHABLE_CODE = YES;
				CLANG_WARN__DUPLICATE_METHOD_MATCH = YES;
				"CODE_SIGN_IDENTITY[sdk=iphoneos*]" = "iPhone Developer";
				COPY_PHASE_STRIP = NO;
				DEBUG_INFORMATION_FORMAT = dwarf;
				ENABLE_STRICT_OBJC_MSGSEND = YES;
				ENABLE_TESTABILITY = YES;
				GCC_C_LANGUAGE_STANDARD = gnu99;
				GCC_DYNAMIC_NO_PIC = NO;
				GCC_NO_COMMON_BLOCKS = YES;
				GCC_OPTIMIZATION_LEVEL = 0;
				GCC_PREPROCESSOR_DEFINITIONS = (
					"DEBUG=1",
					"$(inherited)",
				);
				GCC_WARN_64_TO_32_BIT_CONVERSION = YES;
				GCC_WARN_ABOUT_RETURN_TYPE = YES_ERROR;
				GCC_WARN_UNDECLARED_SELECTOR = YES;
				GCC_WARN_UNINITIALIZED_AUTOS = YES_AGGRESSIVE;
				GCC_WARN_UNUSED_FUNCTION = YES;
				GCC_WARN_UNUSED_VARIABLE = YES;
				IPHONEOS_DEPLOYMENT_TARGET = 9.3;
				MTL_ENABLE_DEBUG_INFO = YES;
				ONLY_ACTIVE_ARCH = YES;
				SDKROOT = iphoneos;
				SWIFT_ACTIVE_COMPILATION_CONDITIONS = DEBUG;
				SWIFT_OPTIMIZATION_LEVEL = "-Onone";
			};
			name = Debug;
		};
		53F8A01C1EC3D0010001604A /* Release */ = {
			isa = XCBuildConfiguration;
			buildSettings = {
				ALWAYS_SEARCH_USER_PATHS = NO;
				CLANG_ANALYZER_NONNULL = YES;
				CLANG_ANALYZER_NUMBER_OBJECT_CONVERSION = YES_AGGRESSIVE;
				CLANG_CXX_LANGUAGE_STANDARD = "gnu++0x";
				CLANG_CXX_LIBRARY = "libc++";
				CLANG_ENABLE_MODULES = YES;
				CLANG_ENABLE_OBJC_ARC = YES;
				CLANG_WARN_BLOCK_CAPTURE_AUTORELEASING = YES;
				CLANG_WARN_BOOL_CONVERSION = YES;
				CLANG_WARN_COMMA = YES;
				CLANG_WARN_CONSTANT_CONVERSION = YES;
				CLANG_WARN_DEPRECATED_OBJC_IMPLEMENTATIONS = YES;
				CLANG_WARN_DIRECT_OBJC_ISA_USAGE = YES_ERROR;
				CLANG_WARN_DOCUMENTATION_COMMENTS = YES;
				CLANG_WARN_EMPTY_BODY = YES;
				CLANG_WARN_ENUM_CONVERSION = YES;
				CLANG_WARN_INFINITE_RECURSION = YES;
				CLANG_WARN_INT_CONVERSION = YES;
				CLANG_WARN_NON_LITERAL_NULL_CONVERSION = YES;
				CLANG_WARN_OBJC_IMPLICIT_RETAIN_SELF = YES;
				CLANG_WARN_OBJC_LITERAL_CONVERSION = YES;
				CLANG_WARN_OBJC_ROOT_CLASS = YES_ERROR;
				CLANG_WARN_RANGE_LOOP_ANALYSIS = YES;
				CLANG_WARN_STRICT_PROTOTYPES = YES;
				CLANG_WARN_SUSPICIOUS_MOVE = YES;
				CLANG_WARN_UNREACHABLE_CODE = YES;
				CLANG_WARN__DUPLICATE_METHOD_MATCH = YES;
				"CODE_SIGN_IDENTITY[sdk=iphoneos*]" = "iPhone Developer";
				COPY_PHASE_STRIP = NO;
				DEBUG_INFORMATION_FORMAT = "dwarf-with-dsym";
				ENABLE_NS_ASSERTIONS = NO;
				ENABLE_STRICT_OBJC_MSGSEND = YES;
				GCC_C_LANGUAGE_STANDARD = gnu99;
				GCC_NO_COMMON_BLOCKS = YES;
				GCC_WARN_64_TO_32_BIT_CONVERSION = YES;
				GCC_WARN_ABOUT_RETURN_TYPE = YES_ERROR;
				GCC_WARN_UNDECLARED_SELECTOR = YES;
				GCC_WARN_UNINITIALIZED_AUTOS = YES_AGGRESSIVE;
				GCC_WARN_UNUSED_FUNCTION = YES;
				GCC_WARN_UNUSED_VARIABLE = YES;
				IPHONEOS_DEPLOYMENT_TARGET = 9.3;
				MTL_ENABLE_DEBUG_INFO = NO;
				SDKROOT = iphoneos;
				SWIFT_OPTIMIZATION_LEVEL = "-Owholemodule";
				VALIDATE_PRODUCT = YES;
			};
			name = Release;
		};
		53F8A01E1EC3D0010001604A /* Debug */ = {
			isa = XCBuildConfiguration;
			buildSettings = {
				ASSETCATALOG_COMPILER_APPICON_NAME = AppIcon;
				CLANG_ANALYZER_LOCALIZABILITY_NONLOCALIZED = YES;
				CLANG_ENABLE_MODULES = YES;
				CLANG_WARN_COMMA = NO;
				CLANG_WARN_STRICT_PROTOTYPES = NO;
				DEAD_CODE_STRIPPING = NO;
				DEVELOPMENT_TEAM = 9L3BH5LC27;
				ENABLE_BITCODE = YES;
				FRAMEWORK_SEARCH_PATHS = (
					"$(inherited)",
					"$(PROJECT_DIR)/WingIt",
				);
				HEADER_SEARCH_PATHS = $PROJECT_DIR/Backend/src;
				INFOPLIST_FILE = WingIt/Info.plist;
				IPHONEOS_DEPLOYMENT_TARGET = 9.3;
				LD_RUNPATH_SEARCH_PATHS = "$(inherited) @executable_path/Frameworks";
				PRODUCT_BUNDLE_IDENTIFIER = com.stonedcrone.WingIt;
				PRODUCT_NAME = "$(TARGET_NAME)";
				RUN_CLANG_STATIC_ANALYZER = NO;
				STRIP_INSTALLED_PRODUCT = NO;
				STRIP_STYLE = "non-global";
				SWIFT_OBJC_BRIDGING_HEADER = "$PROJECT_DIR/WingIt/C bridge/C-Swift-Bridging-Header.h";
				SWIFT_OPTIMIZATION_LEVEL = "-Onone";
				SWIFT_VERSION = 4.0;
				TARGETED_DEVICE_FAMILY = 1;
			};
			name = Debug;
		};
		53F8A01F1EC3D0010001604A /* Release */ = {
			isa = XCBuildConfiguration;
			buildSettings = {
				ASSETCATALOG_COMPILER_APPICON_NAME = AppIcon;
				CLANG_ANALYZER_LOCALIZABILITY_NONLOCALIZED = YES;
				CLANG_ENABLE_MODULES = YES;
				CLANG_WARN_COMMA = NO;
				CLANG_WARN_STRICT_PROTOTYPES = NO;
				COPY_PHASE_STRIP = YES;
				DEVELOPMENT_TEAM = 9L3BH5LC27;
				ENABLE_BITCODE = YES;
				FRAMEWORK_SEARCH_PATHS = (
					"$(inherited)",
					"$(PROJECT_DIR)/WingIt",
				);
				HEADER_SEARCH_PATHS = $PROJECT_DIR/Backend/src;
				INFOPLIST_FILE = WingIt/Info.plist;
				IPHONEOS_DEPLOYMENT_TARGET = 9.3;
				LD_RUNPATH_SEARCH_PATHS = "$(inherited) @executable_path/Frameworks";
				PRODUCT_BUNDLE_IDENTIFIER = com.stonedcrone.WingIt;
				PRODUCT_NAME = "$(TARGET_NAME)";
				RUN_CLANG_STATIC_ANALYZER = NO;
				SWIFT_OBJC_BRIDGING_HEADER = "$PROJECT_DIR/WingIt/C bridge/C-Swift-Bridging-Header.h";
				SWIFT_VERSION = 4.0;
				TARGETED_DEVICE_FAMILY = 1;
			};
			name = Release;
		};
/* End XCBuildConfiguration section */

/* Begin XCConfigurationList section */
		06934D831F86730B00D308BD /* Build configuration list for PBXNativeTarget "WingItUITests" */ = {
			isa = XCConfigurationList;
			buildConfigurations = (
				06934D811F86730B00D308BD /* Debug */,
				06934D821F86730B00D308BD /* Release */,
			);
			defaultConfigurationIsVisible = 0;
			defaultConfigurationName = Release;
		};
		06E5E2F620C1504500C77382 /* Build configuration list for PBXNativeTarget "WingItTests" */ = {
			isa = XCConfigurationList;
			buildConfigurations = (
				06E5E2F420C1504500C77382 /* Debug */,
				06E5E2F520C1504500C77382 /* Release */,
			);
			defaultConfigurationIsVisible = 0;
			defaultConfigurationName = Release;
		};
		53F8A0031EC3D0010001604A /* Build configuration list for PBXProject "WingIt" */ = {
			isa = XCConfigurationList;
			buildConfigurations = (
				53F8A01B1EC3D0010001604A /* Debug */,
				53F8A01C1EC3D0010001604A /* Release */,
			);
			defaultConfigurationIsVisible = 0;
			defaultConfigurationName = Release;
		};
		53F8A01D1EC3D0010001604A /* Build configuration list for PBXNativeTarget "WingIt" */ = {
			isa = XCConfigurationList;
			buildConfigurations = (
				53F8A01E1EC3D0010001604A /* Debug */,
				53F8A01F1EC3D0010001604A /* Release */,
			);
			defaultConfigurationIsVisible = 0;
			defaultConfigurationName = Release;
		};
/* End XCConfigurationList section */

/* Begin XCVersionGroup section */
		53F8A0121EC3D0010001604A /* Project.xcdatamodeld */ = {
			isa = XCVersionGroup;
			children = (
				53F8A0131EC3D0010001604A /* Project.xcdatamodel */,
			);
			currentVersion = 53F8A0131EC3D0010001604A /* Project.xcdatamodel */;
			path = Project.xcdatamodeld;
			sourceTree = "<group>";
			versionGroupType = wrapper.xcdatamodel;
		};
/* End XCVersionGroup section */
	};
	rootObject = 53F8A0001EC3D0010001604A /* Project object */;
}
