// !$*UTF8*$!
{
	archiveVersion = 1;
	classes = {
	};
	objectVersion = 46;
	objects = {

/* Begin PBXBuildFile section */
		061F3E801F8AF09C00BD0D09 /* UIDataHandling.swift in Sources */ = {isa = PBXBuildFile; fileRef = 061F3E7F1F8AF09C00BD0D09 /* UIDataHandling.swift */; };
		062EB9471F8B415F005F350E /* KeychainWrapper.swift in Sources */ = {isa = PBXBuildFile; fileRef = 062EB9441F8B414B005F350E /* KeychainWrapper.swift */; };
		062EB9481F8B415F005F350E /* KeychainItemAccessibility.swift in Sources */ = {isa = PBXBuildFile; fileRef = 062EB9451F8B414B005F350E /* KeychainItemAccessibility.swift */; };
		06934D7D1F86730B00D308BD /* WingItUITests.swift in Sources */ = {isa = PBXBuildFile; fileRef = 06934D7C1F86730B00D308BD /* WingItUITests.swift */; };
		069827651F87041000777DAD /* LoginDebugController.swift in Sources */ = {isa = PBXBuildFile; fileRef = 069827641F87041000777DAD /* LoginDebugController.swift */; };
		06A5475E1F7B1D9600967FD7 /* libBackend.a in Frameworks */ = {isa = PBXBuildFile; fileRef = 06A5475D1F7B1D9600967FD7 /* libBackend.a */; settings = {ATTRIBUTES = (Required, ); }; };
		06A637F91F7DD15F00C5F15F /* wrapper.cpp in Sources */ = {isa = PBXBuildFile; fileRef = 06A637F81F7DD15F00C5F15F /* wrapper.cpp */; };
		06B38A381F82361E009EDC60 /* Helper.swift in Sources */ = {isa = PBXBuildFile; fileRef = 06B38A371F82361E009EDC60 /* Helper.swift */; };
		06D37CD71F873C7F009318AC /* Settings.bundle in Resources */ = {isa = PBXBuildFile; fileRef = 06D37CD61F873C7F009318AC /* Settings.bundle */; };
		297C56931ED9126200C44420 /* LoginViewController.swift in Sources */ = {isa = PBXBuildFile; fileRef = 297C56921ED9126200C44420 /* LoginViewController.swift */; };
		5335EC871ED6449400CD2339 /* BlankCellTableViewCell.swift in Sources */ = {isa = PBXBuildFile; fileRef = 5335EC861ED6449400CD2339 /* BlankCellTableViewCell.swift */; };
		533C92DC20762A9400394325 /* SVProgressHUD.bundle in Resources */ = {isa = PBXBuildFile; fileRef = 533C92D320762A9200394325 /* SVProgressHUD.bundle */; };
		533C92DD20762A9400394325 /* SVProgressAnimatedView.m in Sources */ = {isa = PBXBuildFile; fileRef = 533C92D420762A9300394325 /* SVProgressAnimatedView.m */; };
		533C92DE20762A9400394325 /* SVProgressHUD.m in Sources */ = {isa = PBXBuildFile; fileRef = 533C92D620762A9300394325 /* SVProgressHUD.m */; };
		533C92DF20762A9400394325 /* SVIndefiniteAnimatedView.m in Sources */ = {isa = PBXBuildFile; fileRef = 533C92D720762A9300394325 /* SVIndefiniteAnimatedView.m */; };
		533C92E020762A9400394325 /* SVRadialGradientLayer.m in Sources */ = {isa = PBXBuildFile; fileRef = 533C92DB20762A9400394325 /* SVRadialGradientLayer.m */; };
		535BDEC91EC48FB200B853C2 /* TimetableCell.swift in Sources */ = {isa = PBXBuildFile; fileRef = 535BDEC81EC48FB200B853C2 /* TimetableCell.swift */; };
		53B30672207754A0006E05B7 /* LessonCell.swift in Sources */ = {isa = PBXBuildFile; fileRef = 53B30671207754A0006E05B7 /* LessonCell.swift */; };
		53BB7A171ED133A900370F7B /* Constants.swift in Sources */ = {isa = PBXBuildFile; fileRef = 53BB7A161ED133A900370F7B /* Constants.swift */; };
		53BB7A191ED14C3800370F7B /* ClashCell.swift in Sources */ = {isa = PBXBuildFile; fileRef = 53BB7A181ED14C3700370F7B /* ClashCell.swift */; };
		53BB7A211ED1536C00370F7B /* DetailView.swift in Sources */ = {isa = PBXBuildFile; fileRef = 53BB7A201ED1536C00370F7B /* DetailView.swift */; };
		53C7D0391EC9B6A500D0BD9C /* Lesson.swift in Sources */ = {isa = PBXBuildFile; fileRef = 53C7D0381EC9B6A500D0BD9C /* Lesson.swift */; };
		53C7D03D1EC9B79E00D0BD9C /* SWRevealViewController.m in Sources */ = {isa = PBXBuildFile; fileRef = 53C7D03C1EC9B79E00D0BD9C /* SWRevealViewController.m */; };
		53C7D03F1EC9BD8400D0BD9C /* MenuTableViewController.swift in Sources */ = {isa = PBXBuildFile; fileRef = 53C7D03E1EC9BD8400D0BD9C /* MenuTableViewController.swift */; };
		53D4B38020760D9A0063E45F /* TimeUtil.swift in Sources */ = {isa = PBXBuildFile; fileRef = 53D4B37F20760D9A0063E45F /* TimeUtil.swift */; };
		53D4B38220760FBF0063E45F /* NavigationService.swift in Sources */ = {isa = PBXBuildFile; fileRef = 53D4B38120760FBF0063E45F /* NavigationService.swift */; };
		53D4B384207610140063E45F /* AppStates.swift in Sources */ = {isa = PBXBuildFile; fileRef = 53D4B383207610140063E45F /* AppStates.swift */; };
		53D4B38620761F700063E45F /* NavigationProtocols.swift in Sources */ = {isa = PBXBuildFile; fileRef = 53D4B38520761F700063E45F /* NavigationProtocols.swift */; };
		53F8A00C1EC3D0010001604A /* AppDelegate.swift in Sources */ = {isa = PBXBuildFile; fileRef = 53F8A00B1EC3D0010001604A /* AppDelegate.swift */; };
		53F8A00E1EC3D0010001604A /* ViewController.swift in Sources */ = {isa = PBXBuildFile; fileRef = 53F8A00D1EC3D0010001604A /* ViewController.swift */; };
		53F8A0111EC3D0010001604A /* Main.storyboard in Resources */ = {isa = PBXBuildFile; fileRef = 53F8A00F1EC3D0010001604A /* Main.storyboard */; };
		53F8A0141EC3D0010001604A /* Project.xcdatamodeld in Sources */ = {isa = PBXBuildFile; fileRef = 53F8A0121EC3D0010001604A /* Project.xcdatamodeld */; };
		53F8A0161EC3D0010001604A /* Assets.xcassets in Resources */ = {isa = PBXBuildFile; fileRef = 53F8A0151EC3D0010001604A /* Assets.xcassets */; };
		53F8A0191EC3D0010001604A /* LaunchScreen.storyboard in Resources */ = {isa = PBXBuildFile; fileRef = 53F8A0171EC3D0010001604A /* LaunchScreen.storyboard */; };
		53F8A0211EC3DE930001604A /* DayCollectionViewCell.swift in Sources */ = {isa = PBXBuildFile; fileRef = 53F8A0201EC3DE930001604A /* DayCollectionViewCell.swift */; };
/* End PBXBuildFile section */

/* Begin PBXContainerItemProxy section */
		06934D7F1F86730B00D308BD /* PBXContainerItemProxy */ = {
			isa = PBXContainerItemProxy;
			containerPortal = 53F8A0001EC3D0010001604A /* Project object */;
			proxyType = 1;
			remoteGlobalIDString = 53F8A0071EC3D0010001604A;
			remoteInfo = WingIt;
		};
/* End PBXContainerItemProxy section */

/* Begin PBXFileReference section */
		061F3E7F1F8AF09C00BD0D09 /* UIDataHandling.swift */ = {isa = PBXFileReference; lastKnownFileType = sourcecode.swift; path = UIDataHandling.swift; sourceTree = "<group>"; };
		062EB9431F8B414B005F350E /* Info.plist */ = {isa = PBXFileReference; lastKnownFileType = text.plist.xml; path = Info.plist; sourceTree = "<group>"; };
		062EB9441F8B414B005F350E /* KeychainWrapper.swift */ = {isa = PBXFileReference; lastKnownFileType = sourcecode.swift; path = KeychainWrapper.swift; sourceTree = "<group>"; };
		062EB9451F8B414B005F350E /* KeychainItemAccessibility.swift */ = {isa = PBXFileReference; lastKnownFileType = sourcecode.swift; path = KeychainItemAccessibility.swift; sourceTree = "<group>"; };
		062EB9461F8B414B005F350E /* SwiftKeychainWrapper.h */ = {isa = PBXFileReference; lastKnownFileType = sourcecode.c.h; path = SwiftKeychainWrapper.h; sourceTree = "<group>"; };
		06934D7A1F86730B00D308BD /* WingItUITests.xctest */ = {isa = PBXFileReference; explicitFileType = wrapper.cfbundle; includeInIndex = 0; path = WingItUITests.xctest; sourceTree = BUILT_PRODUCTS_DIR; };
		06934D7C1F86730B00D308BD /* WingItUITests.swift */ = {isa = PBXFileReference; lastKnownFileType = sourcecode.swift; path = WingItUITests.swift; sourceTree = "<group>"; };
		06934D7E1F86730B00D308BD /* Info.plist */ = {isa = PBXFileReference; lastKnownFileType = text.plist.xml; path = Info.plist; sourceTree = "<group>"; };
		069827641F87041000777DAD /* LoginDebugController.swift */ = {isa = PBXFileReference; lastKnownFileType = sourcecode.swift; path = LoginDebugController.swift; sourceTree = "<group>"; };
		06A5475D1F7B1D9600967FD7 /* libBackend.a */ = {isa = PBXFileReference; lastKnownFileType = archive.ar; name = libBackend.a; path = "../../Library/Developer/Xcode/DerivedData/Project-faabexjzkhonsfdsetxpryushahl/Build/Products/Debug-iphonesimulator/libBackend.a"; sourceTree = "<group>"; };
		06A637F81F7DD15F00C5F15F /* wrapper.cpp */ = {isa = PBXFileReference; fileEncoding = 4; lastKnownFileType = sourcecode.cpp.cpp; path = wrapper.cpp; sourceTree = "<group>"; };
		06B38A371F82361E009EDC60 /* Helper.swift */ = {isa = PBXFileReference; fileEncoding = 4; lastKnownFileType = sourcecode.swift; path = Helper.swift; sourceTree = "<group>"; };
		06D37CD61F873C7F009318AC /* Settings.bundle */ = {isa = PBXFileReference; lastKnownFileType = "wrapper.plug-in"; path = Settings.bundle; sourceTree = "<group>"; };
		297C56921ED9126200C44420 /* LoginViewController.swift */ = {isa = PBXFileReference; fileEncoding = 4; lastKnownFileType = sourcecode.swift; path = LoginViewController.swift; sourceTree = "<group>"; };
		5335EC861ED6449400CD2339 /* BlankCellTableViewCell.swift */ = {isa = PBXFileReference; fileEncoding = 4; lastKnownFileType = sourcecode.swift; path = BlankCellTableViewCell.swift; sourceTree = "<group>"; };
		533C92D220762A9200394325 /* SVRadialGradientLayer.h */ = {isa = PBXFileReference; fileEncoding = 4; lastKnownFileType = sourcecode.c.h; path = SVRadialGradientLayer.h; sourceTree = "<group>"; };
		533C92D320762A9200394325 /* SVProgressHUD.bundle */ = {isa = PBXFileReference; lastKnownFileType = "wrapper.plug-in"; path = SVProgressHUD.bundle; sourceTree = "<group>"; };
		533C92D420762A9300394325 /* SVProgressAnimatedView.m */ = {isa = PBXFileReference; fileEncoding = 4; lastKnownFileType = sourcecode.c.objc; path = SVProgressAnimatedView.m; sourceTree = "<group>"; };
		533C92D520762A9300394325 /* SVProgressAnimatedView.h */ = {isa = PBXFileReference; fileEncoding = 4; lastKnownFileType = sourcecode.c.h; path = SVProgressAnimatedView.h; sourceTree = "<group>"; };
		533C92D620762A9300394325 /* SVProgressHUD.m */ = {isa = PBXFileReference; fileEncoding = 4; lastKnownFileType = sourcecode.c.objc; path = SVProgressHUD.m; sourceTree = "<group>"; };
		533C92D720762A9300394325 /* SVIndefiniteAnimatedView.m */ = {isa = PBXFileReference; fileEncoding = 4; lastKnownFileType = sourcecode.c.objc; path = SVIndefiniteAnimatedView.m; sourceTree = "<group>"; };
		533C92D820762A9300394325 /* SVIndefiniteAnimatedView.h */ = {isa = PBXFileReference; fileEncoding = 4; lastKnownFileType = sourcecode.c.h; path = SVIndefiniteAnimatedView.h; sourceTree = "<group>"; };
		533C92D920762A9300394325 /* SVProgressHUD.h */ = {isa = PBXFileReference; fileEncoding = 4; lastKnownFileType = sourcecode.c.h; path = SVProgressHUD.h; sourceTree = "<group>"; };
		533C92DA20762A9300394325 /* SVProgressHUD-Prefix.pch */ = {isa = PBXFileReference; fileEncoding = 4; lastKnownFileType = sourcecode.c.h; name = "SVProgressHUD-Prefix.pch"; path = "../../../Downloads/SVProgressHUD-master 2/SVProgressHUD/SVProgressHUD-Prefix.pch"; sourceTree = "<group>"; };
		533C92DB20762A9400394325 /* SVRadialGradientLayer.m */ = {isa = PBXFileReference; fileEncoding = 4; lastKnownFileType = sourcecode.c.objc; path = SVRadialGradientLayer.m; sourceTree = "<group>"; };
		535BDEC81EC48FB200B853C2 /* TimetableCell.swift */ = {isa = PBXFileReference; fileEncoding = 4; lastKnownFileType = sourcecode.swift; path = TimetableCell.swift; sourceTree = "<group>"; };
		53B30671207754A0006E05B7 /* LessonCell.swift */ = {isa = PBXFileReference; lastKnownFileType = sourcecode.swift; path = LessonCell.swift; sourceTree = "<group>"; };
		53BB7A161ED133A900370F7B /* Constants.swift */ = {isa = PBXFileReference; fileEncoding = 4; lastKnownFileType = sourcecode.swift; path = Constants.swift; sourceTree = "<group>"; };
		53BB7A181ED14C3700370F7B /* ClashCell.swift */ = {isa = PBXFileReference; fileEncoding = 4; lastKnownFileType = sourcecode.swift; path = ClashCell.swift; sourceTree = "<group>"; };
		53BB7A201ED1536C00370F7B /* DetailView.swift */ = {isa = PBXFileReference; fileEncoding = 4; lastKnownFileType = sourcecode.swift; path = DetailView.swift; sourceTree = "<group>"; };
		53C7D0381EC9B6A500D0BD9C /* Lesson.swift */ = {isa = PBXFileReference; fileEncoding = 4; lastKnownFileType = sourcecode.swift; path = Lesson.swift; sourceTree = "<group>"; };
		53C7D03A1EC9B79D00D0BD9C /* Project-Bridging-Header.h */ = {isa = PBXFileReference; lastKnownFileType = sourcecode.c.h; path = "Project-Bridging-Header.h"; sourceTree = "<group>"; };
		53C7D03B1EC9B79E00D0BD9C /* SWRevealViewController.h */ = {isa = PBXFileReference; fileEncoding = 4; lastKnownFileType = sourcecode.c.h; path = SWRevealViewController.h; sourceTree = "<group>"; };
		53C7D03C1EC9B79E00D0BD9C /* SWRevealViewController.m */ = {isa = PBXFileReference; fileEncoding = 4; lastKnownFileType = sourcecode.c.objc; path = SWRevealViewController.m; sourceTree = "<group>"; };
		53C7D03E1EC9BD8400D0BD9C /* MenuTableViewController.swift */ = {isa = PBXFileReference; fileEncoding = 4; lastKnownFileType = sourcecode.swift; path = MenuTableViewController.swift; sourceTree = "<group>"; };
		53D4B37F20760D9A0063E45F /* TimeUtil.swift */ = {isa = PBXFileReference; lastKnownFileType = sourcecode.swift; path = TimeUtil.swift; sourceTree = "<group>"; };
		53D4B38120760FBF0063E45F /* NavigationService.swift */ = {isa = PBXFileReference; lastKnownFileType = sourcecode.swift; path = NavigationService.swift; sourceTree = "<group>"; };
		53D4B383207610140063E45F /* AppStates.swift */ = {isa = PBXFileReference; lastKnownFileType = sourcecode.swift; path = AppStates.swift; sourceTree = "<group>"; };
		53D4B38520761F700063E45F /* NavigationProtocols.swift */ = {isa = PBXFileReference; lastKnownFileType = sourcecode.swift; path = NavigationProtocols.swift; sourceTree = "<group>"; };
		53F8A0081EC3D0010001604A /* WingIt.app */ = {isa = PBXFileReference; explicitFileType = wrapper.application; includeInIndex = 0; path = WingIt.app; sourceTree = BUILT_PRODUCTS_DIR; };
		53F8A00B1EC3D0010001604A /* AppDelegate.swift */ = {isa = PBXFileReference; lastKnownFileType = sourcecode.swift; path = AppDelegate.swift; sourceTree = "<group>"; };
		53F8A00D1EC3D0010001604A /* ViewController.swift */ = {isa = PBXFileReference; lastKnownFileType = sourcecode.swift; path = ViewController.swift; sourceTree = "<group>"; };
		53F8A0101EC3D0010001604A /* Base */ = {isa = PBXFileReference; lastKnownFileType = file.storyboard; name = Base; path = Base.lproj/Main.storyboard; sourceTree = "<group>"; };
		53F8A0131EC3D0010001604A /* Project.xcdatamodel */ = {isa = PBXFileReference; lastKnownFileType = wrapper.xcdatamodel; path = Project.xcdatamodel; sourceTree = "<group>"; };
		53F8A0151EC3D0010001604A /* Assets.xcassets */ = {isa = PBXFileReference; lastKnownFileType = folder.assetcatalog; path = Assets.xcassets; sourceTree = "<group>"; };
		53F8A0181EC3D0010001604A /* Base */ = {isa = PBXFileReference; lastKnownFileType = file.storyboard; name = Base; path = Base.lproj/LaunchScreen.storyboard; sourceTree = "<group>"; };
		53F8A01A1EC3D0010001604A /* Info.plist */ = {isa = PBXFileReference; lastKnownFileType = text.plist.xml; path = Info.plist; sourceTree = "<group>"; };
		53F8A0201EC3DE930001604A /* DayCollectionViewCell.swift */ = {isa = PBXFileReference; fileEncoding = 4; lastKnownFileType = sourcecode.swift; path = DayCollectionViewCell.swift; sourceTree = "<group>"; };
/* End PBXFileReference section */

/* Begin PBXFrameworksBuildPhase section */
		06934D771F86730B00D308BD /* Frameworks */ = {
			isa = PBXFrameworksBuildPhase;
			buildActionMask = 2147483647;
			files = (
			);
			runOnlyForDeploymentPostprocessing = 0;
		};
		53F8A0051EC3D0010001604A /* Frameworks */ = {
			isa = PBXFrameworksBuildPhase;
			buildActionMask = 2147483647;
			files = (
				06A5475E1F7B1D9600967FD7 /* libBackend.a in Frameworks */,
			);
			runOnlyForDeploymentPostprocessing = 0;
		};
/* End PBXFrameworksBuildPhase section */

/* Begin PBXGroup section */
		062EB9421F8B414B005F350E /* SwiftKeychainWrapper */ = {
			isa = PBXGroup;
			children = (
				062EB9431F8B414B005F350E /* Info.plist */,
				062EB9441F8B414B005F350E /* KeychainWrapper.swift */,
				062EB9451F8B414B005F350E /* KeychainItemAccessibility.swift */,
				062EB9461F8B414B005F350E /* SwiftKeychainWrapper.h */,
			);
			path = SwiftKeychainWrapper;
			sourceTree = "<group>";
		};
		06934D7B1F86730B00D308BD /* WingItUITests */ = {
			isa = PBXGroup;
			children = (
				06934D7C1F86730B00D308BD /* WingItUITests.swift */,
				06934D7E1F86730B00D308BD /* Info.plist */,
			);
			path = WingItUITests;
			sourceTree = "<group>";
		};
		53CDC1E41EDC1EB300A2ED5A /* Cells */ = {
			isa = PBXGroup;
			children = (
				53BB7A181ED14C3700370F7B /* ClashCell.swift */,
				5335EC861ED6449400CD2339 /* BlankCellTableViewCell.swift */,
				535BDEC81EC48FB200B853C2 /* TimetableCell.swift */,
				53F8A0201EC3DE930001604A /* DayCollectionViewCell.swift */,
				53B30671207754A0006E05B7 /* LessonCell.swift */,
			);
			name = Cells;
			sourceTree = "<group>";
		};
		53CDC1E51EDC1EC000A2ED5A /* Views */ = {
			isa = PBXGroup;
			children = (
				53F8A00D1EC3D0010001604A /* ViewController.swift */,
				069827641F87041000777DAD /* LoginDebugController.swift */,
				53C7D03E1EC9BD8400D0BD9C /* MenuTableViewController.swift */,
				297C56921ED9126200C44420 /* LoginViewController.swift */,
				53BB7A201ED1536C00370F7B /* DetailView.swift */,
			);
			name = Views;
			sourceTree = "<group>";
		};
		53CDC1E61EDC1EC900A2ED5A /* Data Structures */ = {
			isa = PBXGroup;
			children = (
				53C7D0381EC9B6A500D0BD9C /* Lesson.swift */,
				53BB7A161ED133A900370F7B /* Constants.swift */,
			);
			name = "Data Structures";
			sourceTree = "<group>";
		};
		53F89FFF1EC3D0010001604A = {
			isa = PBXGroup;
			children = (
				06D37CD61F873C7F009318AC /* Settings.bundle */,
				53F8A00A1EC3D0010001604A /* WingIt */,
				06934D7B1F86730B00D308BD /* WingItUITests */,
				53F8A0091EC3D0010001604A /* Products */,
				9D76A468FCF7B393CEA24F56 /* Frameworks */,
			);
			sourceTree = "<group>";
		};
		53F8A0091EC3D0010001604A /* Products */ = {
			isa = PBXGroup;
			children = (
				53F8A0081EC3D0010001604A /* WingIt.app */,
				06934D7A1F86730B00D308BD /* WingItUITests.xctest */,
			);
			name = Products;
			sourceTree = "<group>";
		};
		53F8A00A1EC3D0010001604A /* WingIt */ = {
			isa = PBXGroup;
			children = (
				061F3E7F1F8AF09C00BD0D09 /* UIDataHandling.swift */,
				06B38A371F82361E009EDC60 /* Helper.swift */,
				06A637F81F7DD15F00C5F15F /* wrapper.cpp */,
				53F8A00B1EC3D0010001604A /* AppDelegate.swift */,
				53CDC1E51EDC1EC000A2ED5A /* Views */,
				53F8A00F1EC3D0010001604A /* Main.storyboard */,
				53D4B37F20760D9A0063E45F /* TimeUtil.swift */,
				53D4B38120760FBF0063E45F /* NavigationService.swift */,
				53D4B38520761F700063E45F /* NavigationProtocols.swift */,
				53D4B383207610140063E45F /* AppStates.swift */,
				53CDC1E41EDC1EB300A2ED5A /* Cells */,
				53CDC1E61EDC1EC900A2ED5A /* Data Structures */,
				53F8A0151EC3D0010001604A /* Assets.xcassets */,
				53F8A0171EC3D0010001604A /* LaunchScreen.storyboard */,
				53F8A01A1EC3D0010001604A /* Info.plist */,
				53F8A0121EC3D0010001604A /* Project.xcdatamodeld */,
				53C7D03B1EC9B79E00D0BD9C /* SWRevealViewController.h */,
				53C7D03C1EC9B79E00D0BD9C /* SWRevealViewController.m */,
				53C7D03A1EC9B79D00D0BD9C /* Project-Bridging-Header.h */,
				533C92D820762A9300394325 /* SVIndefiniteAnimatedView.h */,
				533C92D720762A9300394325 /* SVIndefiniteAnimatedView.m */,
				533C92D520762A9300394325 /* SVProgressAnimatedView.h */,
				533C92D420762A9300394325 /* SVProgressAnimatedView.m */,
				533C92DA20762A9300394325 /* SVProgressHUD-Prefix.pch */,
				533C92D320762A9200394325 /* SVProgressHUD.bundle */,
				533C92D920762A9300394325 /* SVProgressHUD.h */,
				533C92D620762A9300394325 /* SVProgressHUD.m */,
				533C92D220762A9200394325 /* SVRadialGradientLayer.h */,
				533C92DB20762A9400394325 /* SVRadialGradientLayer.m */,
				062EB9421F8B414B005F350E /* SwiftKeychainWrapper */,
			);
			path = WingIt;
			sourceTree = "<group>";
		};
		9D76A468FCF7B393CEA24F56 /* Frameworks */ = {
			isa = PBXGroup;
			children = (
				06A5475D1F7B1D9600967FD7 /* libBackend.a */,
			);
			name = Frameworks;
			sourceTree = "<group>";
		};
/* End PBXGroup section */

/* Begin PBXNativeTarget section */
		06934D791F86730B00D308BD /* WingItUITests */ = {
			isa = PBXNativeTarget;
			buildConfigurationList = 06934D831F86730B00D308BD /* Build configuration list for PBXNativeTarget "WingItUITests" */;
			buildPhases = (
				06934D761F86730B00D308BD /* Sources */,
				06934D771F86730B00D308BD /* Frameworks */,
				06934D781F86730B00D308BD /* Resources */,
			);
			buildRules = (
			);
			dependencies = (
				06934D801F86730B00D308BD /* PBXTargetDependency */,
			);
			name = WingItUITests;
			productName = WingItUITests;
			productReference = 06934D7A1F86730B00D308BD /* WingItUITests.xctest */;
			productType = "com.apple.product-type.bundle.ui-testing";
		};
		53F8A0071EC3D0010001604A /* WingIt */ = {
			isa = PBXNativeTarget;
			buildConfigurationList = 53F8A01D1EC3D0010001604A /* Build configuration list for PBXNativeTarget "WingIt" */;
			buildPhases = (
				53F8A0041EC3D0010001604A /* Sources */,
				53F8A0051EC3D0010001604A /* Frameworks */,
				53F8A0061EC3D0010001604A /* Resources */,
				060979BD204D9239002C411F /* Update Version num from git tag */,
			);
			buildRules = (
			);
			dependencies = (
			);
			name = WingIt;
			productName = Project;
			productReference = 53F8A0081EC3D0010001604A /* WingIt.app */;
			productType = "com.apple.product-type.application";
		};
/* End PBXNativeTarget section */

/* Begin PBXProject section */
		53F8A0001EC3D0010001604A /* Project object */ = {
			isa = PBXProject;
			attributes = {
				LastSwiftUpdateCheck = 0900;
				LastUpgradeCheck = 0900;
				ORGANIZATIONNAME = Noisive;
				TargetAttributes = {
					06934D791F86730B00D308BD = {
						CreatedOnToolsVersion = 9.0;
						DevelopmentTeam = 9L3BH5LC27;
						ProvisioningStyle = Automatic;
						TestTargetID = 53F8A0071EC3D0010001604A;
					};
					53F8A0071EC3D0010001604A = {
						CreatedOnToolsVersion = 8.3.2;
						DevelopmentTeam = 9L3BH5LC27;
						LastSwiftMigration = 0900;
						ProvisioningStyle = Automatic;
					};
				};
			};
			buildConfigurationList = 53F8A0031EC3D0010001604A /* Build configuration list for PBXProject "WingIt" */;
			compatibilityVersion = "Xcode 3.2";
			developmentRegion = English;
			hasScannedForEncodings = 0;
			knownRegions = (
				en,
				Base,
			);
			mainGroup = 53F89FFF1EC3D0010001604A;
			productRefGroup = 53F8A0091EC3D0010001604A /* Products */;
			projectDirPath = "";
			projectRoot = "";
			targets = (
				53F8A0071EC3D0010001604A /* WingIt */,
				06934D791F86730B00D308BD /* WingItUITests */,
			);
		};
/* End PBXProject section */

/* Begin PBXResourcesBuildPhase section */
		06934D781F86730B00D308BD /* Resources */ = {
			isa = PBXResourcesBuildPhase;
			buildActionMask = 2147483647;
			files = (
			);
			runOnlyForDeploymentPostprocessing = 0;
		};
		53F8A0061EC3D0010001604A /* Resources */ = {
			isa = PBXResourcesBuildPhase;
			buildActionMask = 2147483647;
			files = (
				533C92DC20762A9400394325 /* SVProgressHUD.bundle in Resources */,
				06D37CD71F873C7F009318AC /* Settings.bundle in Resources */,
				53F8A0191EC3D0010001604A /* LaunchScreen.storyboard in Resources */,
				53F8A0161EC3D0010001604A /* Assets.xcassets in Resources */,
				53F8A0111EC3D0010001604A /* Main.storyboard in Resources */,
			);
			runOnlyForDeploymentPostprocessing = 0;
		};
/* End PBXResourcesBuildPhase section */

/* Begin PBXShellScriptBuildPhase section */
		060979BD204D9239002C411F /* Update Version num from git tag */ = {
			isa = PBXShellScriptBuildPhase;
			buildActionMask = 2147483647;
			files = (
			);
			inputPaths = (
			);
			name = "Update Version num from git tag";
			outputPaths = (
			);
			runOnlyForDeploymentPostprocessing = 0;
			shellPath = /bin/bash;
			shellScript = "# Update the CFBundleShortVersionString in the generated Info.plist using the most recent Git tag.\n# Idea taken from http://tinyurl.com/3usjj9d by Joachim Bondo.\n\n# Get the current release description from Git.\nGIT_RELEASE_SHORT_VERSION=`git describe --tags | awk '{split($0,a,\"-\"); print a[1]}'`\nGIT_RELEASE_VERSION=`git rev-list HEAD | wc -l | tr -d ' '`\n\n# Set the CFBundleShortVersionString in the generated Info.plist (stripping off the leading \"v\").\ndefaults write \"${BUILT_PRODUCTS_DIR}/${INFOPLIST_PATH%.*}\" \"CFBundleShortVersionString\" \"$GIT_RELEASE_SHORT_VERSION\"\ndefaults write \"${BUILT_PRODUCTS_DIR}/${INFOPLIST_PATH%.*}\" \"CFBundleVersion\" \"$GIT_RELEASE_VERSION\"\n\ntouch \"${BUILT_PRODUCTS_DIR}/${INFOPLIST_PATH%.*}.plist\"";
		};
/* End PBXShellScriptBuildPhase section */

/* Begin PBXSourcesBuildPhase section */
		06934D761F86730B00D308BD /* Sources */ = {
			isa = PBXSourcesBuildPhase;
			buildActionMask = 2147483647;
			files = (
				06934D7D1F86730B00D308BD /* WingItUITests.swift in Sources */,
			);
			runOnlyForDeploymentPostprocessing = 0;
		};
		53F8A0041EC3D0010001604A /* Sources */ = {
			isa = PBXSourcesBuildPhase;
			buildActionMask = 2147483647;
			files = (
				062EB9471F8B415F005F350E /* KeychainWrapper.swift in Sources */,
				533C92DF20762A9400394325 /* SVIndefiniteAnimatedView.m in Sources */,
				062EB9481F8B415F005F350E /* KeychainItemAccessibility.swift in Sources */,
				53C7D03D1EC9B79E00D0BD9C /* SWRevealViewController.m in Sources */,
				53F8A00E1EC3D0010001604A /* ViewController.swift in Sources */,
				06B38A381F82361E009EDC60 /* Helper.swift in Sources */,
				53F8A0141EC3D0010001604A /* Project.xcdatamodeld in Sources */,
				53B30672207754A0006E05B7 /* LessonCell.swift in Sources */,
				53BB7A191ED14C3800370F7B /* ClashCell.swift in Sources */,
				53F8A00C1EC3D0010001604A /* AppDelegate.swift in Sources */,
				53C7D03F1EC9BD8400D0BD9C /* MenuTableViewController.swift in Sources */,
				53D4B384207610140063E45F /* AppStates.swift in Sources */,
				53C7D0391EC9B6A500D0BD9C /* Lesson.swift in Sources */,
				535BDEC91EC48FB200B853C2 /* TimetableCell.swift in Sources */,
				533C92DE20762A9400394325 /* SVProgressHUD.m in Sources */,
				53D4B38620761F700063E45F /* NavigationProtocols.swift in Sources */,
				069827651F87041000777DAD /* LoginDebugController.swift in Sources */,
				53F8A0211EC3DE930001604A /* DayCollectionViewCell.swift in Sources */,
				297C56931ED9126200C44420 /* LoginViewController.swift in Sources */,
				5335EC871ED6449400CD2339 /* BlankCellTableViewCell.swift in Sources */,
				533C92E020762A9400394325 /* SVRadialGradientLayer.m in Sources */,
				06A637F91F7DD15F00C5F15F /* wrapper.cpp in Sources */,
				53D4B38220760FBF0063E45F /* NavigationService.swift in Sources */,
				53BB7A171ED133A900370F7B /* Constants.swift in Sources */,
				53D4B38020760D9A0063E45F /* TimeUtil.swift in Sources */,
				061F3E801F8AF09C00BD0D09 /* UIDataHandling.swift in Sources */,
				53BB7A211ED1536C00370F7B /* DetailView.swift in Sources */,
				533C92DD20762A9400394325 /* SVProgressAnimatedView.m in Sources */,
			);
			runOnlyForDeploymentPostprocessing = 0;
		};
/* End PBXSourcesBuildPhase section */

/* Begin PBXTargetDependency section */
		06934D801F86730B00D308BD /* PBXTargetDependency */ = {
			isa = PBXTargetDependency;
			target = 53F8A0071EC3D0010001604A /* WingIt */;
			targetProxy = 06934D7F1F86730B00D308BD /* PBXContainerItemProxy */;
		};
/* End PBXTargetDependency section */

/* Begin PBXVariantGroup section */
		53F8A00F1EC3D0010001604A /* Main.storyboard */ = {
			isa = PBXVariantGroup;
			children = (
				53F8A0101EC3D0010001604A /* Base */,
			);
			name = Main.storyboard;
			sourceTree = "<group>";
		};
		53F8A0171EC3D0010001604A /* LaunchScreen.storyboard */ = {
			isa = PBXVariantGroup;
			children = (
				53F8A0181EC3D0010001604A /* Base */,
			);
			name = LaunchScreen.storyboard;
			sourceTree = "<group>";
		};
/* End PBXVariantGroup section */

/* Begin XCBuildConfiguration section */
		06934D811F86730B00D308BD /* Debug */ = {
			isa = XCBuildConfiguration;
			buildSettings = {
				CLANG_CXX_LANGUAGE_STANDARD = "gnu++14";
				CLANG_WARN_UNGUARDED_AVAILABILITY = YES_AGGRESSIVE;
				CODE_SIGN_IDENTITY = "iPhone Developer";
				CODE_SIGN_STYLE = Automatic;
				DEVELOPMENT_TEAM = 9L3BH5LC27;
				GCC_C_LANGUAGE_STANDARD = gnu11;
				INFOPLIST_FILE = WingItUITests/Info.plist;
				IPHONEOS_DEPLOYMENT_TARGET = 11.0;
				LD_RUNPATH_SEARCH_PATHS = "$(inherited) @executable_path/Frameworks @loader_path/Frameworks";
				PRODUCT_BUNDLE_IDENTIFIER = noisive.WingItUITests;
				PRODUCT_NAME = "$(TARGET_NAME)";
				SWIFT_VERSION = 4.0;
				TARGETED_DEVICE_FAMILY = "1,2";
				TEST_TARGET_NAME = WingIt;
			};
			name = Debug;
		};
		06934D821F86730B00D308BD /* Release */ = {
			isa = XCBuildConfiguration;
			buildSettings = {
				CLANG_CXX_LANGUAGE_STANDARD = "gnu++14";
				CLANG_WARN_UNGUARDED_AVAILABILITY = YES_AGGRESSIVE;
				CODE_SIGN_IDENTITY = "iPhone Developer";
				CODE_SIGN_STYLE = Automatic;
				DEVELOPMENT_TEAM = 9L3BH5LC27;
				GCC_C_LANGUAGE_STANDARD = gnu11;
				INFOPLIST_FILE = WingItUITests/Info.plist;
				IPHONEOS_DEPLOYMENT_TARGET = 11.0;
				LD_RUNPATH_SEARCH_PATHS = "$(inherited) @executable_path/Frameworks @loader_path/Frameworks";
				PRODUCT_BUNDLE_IDENTIFIER = noisive.WingItUITests;
				PRODUCT_NAME = "$(TARGET_NAME)";
				SWIFT_VERSION = 4.0;
				TARGETED_DEVICE_FAMILY = "1,2";
				TEST_TARGET_NAME = WingIt;
			};
			name = Release;
		};
		53F8A01B1EC3D0010001604A /* Debug */ = {
			isa = XCBuildConfiguration;
			buildSettings = {
				ALWAYS_SEARCH_USER_PATHS = NO;
				CLANG_ANALYZER_NONNULL = YES;
				CLANG_ANALYZER_NUMBER_OBJECT_CONVERSION = YES_AGGRESSIVE;
				CLANG_CXX_LANGUAGE_STANDARD = "gnu++0x";
				CLANG_CXX_LIBRARY = "libc++";
				CLANG_ENABLE_MODULES = YES;
				CLANG_ENABLE_OBJC_ARC = YES;
				CLANG_WARN_BLOCK_CAPTURE_AUTORELEASING = YES;
				CLANG_WARN_BOOL_CONVERSION = YES;
				CLANG_WARN_COMMA = YES;
				CLANG_WARN_CONSTANT_CONVERSION = YES;
				CLANG_WARN_DIRECT_OBJC_ISA_USAGE = YES_ERROR;
				CLANG_WARN_DOCUMENTATION_COMMENTS = YES;
				CLANG_WARN_EMPTY_BODY = YES;
				CLANG_WARN_ENUM_CONVERSION = YES;
				CLANG_WARN_INFINITE_RECURSION = YES;
				CLANG_WARN_INT_CONVERSION = YES;
				CLANG_WARN_NON_LITERAL_NULL_CONVERSION = YES;
				CLANG_WARN_OBJC_LITERAL_CONVERSION = YES;
				CLANG_WARN_OBJC_ROOT_CLASS = YES_ERROR;
				CLANG_WARN_RANGE_LOOP_ANALYSIS = YES;
				CLANG_WARN_STRICT_PROTOTYPES = YES;
				CLANG_WARN_SUSPICIOUS_MOVE = YES;
				CLANG_WARN_UNREACHABLE_CODE = YES;
				CLANG_WARN__DUPLICATE_METHOD_MATCH = YES;
				"CODE_SIGN_IDENTITY[sdk=iphoneos*]" = "iPhone Developer";
				COPY_PHASE_STRIP = NO;
				DEBUG_INFORMATION_FORMAT = dwarf;
				ENABLE_STRICT_OBJC_MSGSEND = YES;
				ENABLE_TESTABILITY = YES;
				GCC_C_LANGUAGE_STANDARD = gnu99;
				GCC_DYNAMIC_NO_PIC = NO;
				GCC_NO_COMMON_BLOCKS = YES;
				GCC_OPTIMIZATION_LEVEL = 0;
				GCC_PREPROCESSOR_DEFINITIONS = (
					"DEBUG=1",
					"$(inherited)",
				);
				GCC_WARN_64_TO_32_BIT_CONVERSION = YES;
				GCC_WARN_ABOUT_RETURN_TYPE = YES_ERROR;
				GCC_WARN_UNDECLARED_SELECTOR = YES;
				GCC_WARN_UNINITIALIZED_AUTOS = YES_AGGRESSIVE;
				GCC_WARN_UNUSED_FUNCTION = YES;
				GCC_WARN_UNUSED_VARIABLE = YES;
				IPHONEOS_DEPLOYMENT_TARGET = 9.3;
				MTL_ENABLE_DEBUG_INFO = YES;
				ONLY_ACTIVE_ARCH = YES;
				SDKROOT = iphoneos;
				SWIFT_ACTIVE_COMPILATION_CONDITIONS = DEBUG;
				SWIFT_OPTIMIZATION_LEVEL = "-Onone";
			};
			name = Debug;
		};
		53F8A01C1EC3D0010001604A /* Release */ = {
			isa = XCBuildConfiguration;
			buildSettings = {
				ALWAYS_SEARCH_USER_PATHS = NO;
				CLANG_ANALYZER_NONNULL = YES;
				CLANG_ANALYZER_NUMBER_OBJECT_CONVERSION = YES_AGGRESSIVE;
				CLANG_CXX_LANGUAGE_STANDARD = "gnu++0x";
				CLANG_CXX_LIBRARY = "libc++";
				CLANG_ENABLE_MODULES = YES;
				CLANG_ENABLE_OBJC_ARC = YES;
				CLANG_WARN_BLOCK_CAPTURE_AUTORELEASING = YES;
				CLANG_WARN_BOOL_CONVERSION = YES;
				CLANG_WARN_COMMA = YES;
				CLANG_WARN_CONSTANT_CONVERSION = YES;
				CLANG_WARN_DIRECT_OBJC_ISA_USAGE = YES_ERROR;
				CLANG_WARN_DOCUMENTATION_COMMENTS = YES;
				CLANG_WARN_EMPTY_BODY = YES;
				CLANG_WARN_ENUM_CONVERSION = YES;
				CLANG_WARN_INFINITE_RECURSION = YES;
				CLANG_WARN_INT_CONVERSION = YES;
				CLANG_WARN_NON_LITERAL_NULL_CONVERSION = YES;
				CLANG_WARN_OBJC_LITERAL_CONVERSION = YES;
				CLANG_WARN_OBJC_ROOT_CLASS = YES_ERROR;
				CLANG_WARN_RANGE_LOOP_ANALYSIS = YES;
				CLANG_WARN_STRICT_PROTOTYPES = YES;
				CLANG_WARN_SUSPICIOUS_MOVE = YES;
				CLANG_WARN_UNREACHABLE_CODE = YES;
				CLANG_WARN__DUPLICATE_METHOD_MATCH = YES;
				"CODE_SIGN_IDENTITY[sdk=iphoneos*]" = "iPhone Developer";
				COPY_PHASE_STRIP = NO;
				DEBUG_INFORMATION_FORMAT = "dwarf-with-dsym";
				ENABLE_NS_ASSERTIONS = NO;
				ENABLE_STRICT_OBJC_MSGSEND = YES;
				GCC_C_LANGUAGE_STANDARD = gnu99;
				GCC_NO_COMMON_BLOCKS = YES;
				GCC_WARN_64_TO_32_BIT_CONVERSION = YES;
				GCC_WARN_ABOUT_RETURN_TYPE = YES_ERROR;
				GCC_WARN_UNDECLARED_SELECTOR = YES;
				GCC_WARN_UNINITIALIZED_AUTOS = YES_AGGRESSIVE;
				GCC_WARN_UNUSED_FUNCTION = YES;
				GCC_WARN_UNUSED_VARIABLE = YES;
				IPHONEOS_DEPLOYMENT_TARGET = 9.3;
				MTL_ENABLE_DEBUG_INFO = NO;
				SDKROOT = iphoneos;
				SWIFT_OPTIMIZATION_LEVEL = "-Owholemodule";
				VALIDATE_PRODUCT = YES;
			};
			name = Release;
		};
		53F8A01E1EC3D0010001604A /* Debug */ = {
			isa = XCBuildConfiguration;
			buildSettings = {
				ASSETCATALOG_COMPILER_APPICON_NAME = AppIcon;
				CLANG_ANALYZER_LOCALIZABILITY_NONLOCALIZED = YES;
				CLANG_ENABLE_MODULES = YES;
				CLANG_WARN_COMMA = NO;
				CLANG_WARN_STRICT_PROTOTYPES = NO;
				DEAD_CODE_STRIPPING = NO;
				DEVELOPMENT_TEAM = 9L3BH5LC27;
				ENABLE_BITCODE = YES;
				FRAMEWORK_SEARCH_PATHS = (
					"$(inherited)",
					"$(PROJECT_DIR)/WingIt",
				);
				INFOPLIST_FILE = WingIt/Info.plist;
				IPHONEOS_DEPLOYMENT_TARGET = 9.3;
				LD_RUNPATH_SEARCH_PATHS = "$(inherited) @executable_path/Frameworks";
				PRODUCT_BUNDLE_IDENTIFIER = com.stonedcrone.WingIt;
				PRODUCT_NAME = "$(TARGET_NAME)";
				RUN_CLANG_STATIC_ANALYZER = NO;
				STRIP_INSTALLED_PRODUCT = NO;
				STRIP_STYLE = "non-global";
				SWIFT_OBJC_BRIDGING_HEADER = "WingIt/Project-Bridging-Header.h";
				SWIFT_OPTIMIZATION_LEVEL = "-Onone";
				SWIFT_VERSION = 4.0;
				TARGETED_DEVICE_FAMILY = 1;
			};
			name = Debug;
		};
		53F8A01F1EC3D0010001604A /* Release */ = {
			isa = XCBuildConfiguration;
			buildSettings = {
				ASSETCATALOG_COMPILER_APPICON_NAME = AppIcon;
				CLANG_ANALYZER_LOCALIZABILITY_NONLOCALIZED = YES;
				CLANG_ENABLE_MODULES = YES;
				CLANG_WARN_COMMA = NO;
				CLANG_WARN_STRICT_PROTOTYPES = NO;
				COPY_PHASE_STRIP = YES;
				DEVELOPMENT_TEAM = 9L3BH5LC27;
				ENABLE_BITCODE = YES;
				FRAMEWORK_SEARCH_PATHS = (
					"$(inherited)",
					"$(PROJECT_DIR)/WingIt",
				);
				INFOPLIST_FILE = WingIt/Info.plist;
				IPHONEOS_DEPLOYMENT_TARGET = 9.3;
				LD_RUNPATH_SEARCH_PATHS = "$(inherited) @executable_path/Frameworks";
				PRODUCT_BUNDLE_IDENTIFIER = com.stonedcrone.WingIt;
				PRODUCT_NAME = "$(TARGET_NAME)";
				RUN_CLANG_STATIC_ANALYZER = NO;
				SWIFT_OBJC_BRIDGING_HEADER = "WingIt/Project-Bridging-Header.h";
				SWIFT_VERSION = 4.0;
				TARGETED_DEVICE_FAMILY = 1;
			};
			name = Release;
		};
/* End XCBuildConfiguration section */

/* Begin XCConfigurationList section */
		06934D831F86730B00D308BD /* Build configuration list for PBXNativeTarget "WingItUITests" */ = {
			isa = XCConfigurationList;
			buildConfigurations = (
				06934D811F86730B00D308BD /* Debug */,
				06934D821F86730B00D308BD /* Release */,
			);
			defaultConfigurationIsVisible = 0;
			defaultConfigurationName = Release;
		};
		53F8A0031EC3D0010001604A /* Build configuration list for PBXProject "WingIt" */ = {
			isa = XCConfigurationList;
			buildConfigurations = (
				53F8A01B1EC3D0010001604A /* Debug */,
				53F8A01C1EC3D0010001604A /* Release */,
			);
			defaultConfigurationIsVisible = 0;
			defaultConfigurationName = Release;
		};
		53F8A01D1EC3D0010001604A /* Build configuration list for PBXNativeTarget "WingIt" */ = {
			isa = XCConfigurationList;
			buildConfigurations = (
				53F8A01E1EC3D0010001604A /* Debug */,
				53F8A01F1EC3D0010001604A /* Release */,
			);
			defaultConfigurationIsVisible = 0;
			defaultConfigurationName = Release;
		};
/* End XCConfigurationList section */

/* Begin XCVersionGroup section */
		53F8A0121EC3D0010001604A /* Project.xcdatamodeld */ = {
			isa = XCVersionGroup;
			children = (
				53F8A0131EC3D0010001604A /* Project.xcdatamodel */,
			);
			currentVersion = 53F8A0131EC3D0010001604A /* Project.xcdatamodel */;
			path = Project.xcdatamodeld;
			sourceTree = "<group>";
			versionGroupType = wrapper.xcdatamodel;
		};
/* End XCVersionGroup section */
	};
	rootObject = 53F8A0001EC3D0010001604A /* Project object */;
}
